
Microsoft Visual Studio Solution File, Format Version 12.00
# Visual Studio Version 16
VisualStudioVersion = 16.0.30717.126
MinimumVisualStudioVersion = 10.0.40219.1
Project("{9A19103F-16F7-4668-BE54-9A1E7A4F7556}") = "RepoDb", "..\..\RepoDb.Core\RepoDb\RepoDb.csproj", "{100AE7CB-7F8D-428C-8819-703B88CDC676}"
EndProject
Project("{9A19103F-16F7-4668-BE54-9A1E7A4F7556}") = "RepoDb.Extensions", "RepoDb.Extensions\RepoDb.Extensions.csproj", "{2E268E17-32D4-4032-AF3F-D850E165C299}"
EndProject
Global
	GlobalSection(SolutionConfigurationPlatforms) = preSolution
		Debug|Any CPU = Debug|Any CPU
		Release|Any CPU = Release|Any CPU
	EndGlobalSection
	GlobalSection(ProjectConfigurationPlatforms) = postSolution
		{100AE7CB-7F8D-428C-8819-703B88CDC676}.Debug|Any CPU.ActiveCfg = Debug|Any CPU
		{100AE7CB-7F8D-428C-8819-703B88CDC676}.Debug|Any CPU.Build.0 = Debug|Any CPU
		{100AE7CB-7F8D-428C-8819-703B88CDC676}.Release|Any CPU.ActiveCfg = Release|Any CPU
		{100AE7CB-7F8D-428C-8819-703B88CDC676}.Release|Any CPU.Build.0 = Release|Any CPU
		{2E268E17-32D4-4032-AF3F-D850E165C299}.Debug|Any CPU.ActiveCfg = Debug|Any CPU
		{2E268E17-32D4-4032-AF3F-D850E165C299}.Debug|Any CPU.Build.0 = Debug|Any CPU
		{2E268E17-32D4-4032-AF3F-D850E165C299}.Release|Any CPU.ActiveCfg = Release|Any CPU
		{2E268E17-32D4-4032-AF3F-D850E165C299}.Release|Any CPU.Build.0 = Release|Any CPU
	EndGlobalSection
	GlobalSection(SolutionProperties) = preSolution
		HideSolutionNode = FALSE
	EndGlobalSection
	GlobalSection(ExtensibilityGlobals) = postSolution
		SolutionGuid = {5F10B81C-7A77-4DF7-B5BB-BE1EB1FB592C}
	EndGlobalSection
EndGlobal
