
Microsoft Visual Studio Solution File, Format Version 12.00
# Visual Studio Version 16
VisualStudioVersion = 16.0.30320.27
MinimumVisualStudioVersion = 10.0.40219.1
Project("{9A19103F-16F7-4668-BE54-9A1E7A4F7556}") = "RepoDb.SqlServer", "..\RepoDb.SqlServer\RepoDb.SqlServer\RepoDb.SqlServer.csproj", "{6D196ABF-4A38-43C1-8D31-2C5CECC0F2AF}"
EndProject
Project("{9A19103F-16F7-4668-BE54-9A1E7A4F7556}") = "RepoDb", "..\RepoDb.Core\RepoDb\RepoDb.csproj", "{9313409F-467E-40D7-874E-9105BBDDFA53}"
EndProject
Project("{9A19103F-16F7-4668-BE54-9A1E7A4F7556}") = "RepoDb.SqlServer.BulkOperations", "..\RepoDb.Extensions\RepoDb.SqlServer.BulkOperations\RepoDb.SqlServer.BulkOperations\RepoDb.SqlServer.BulkOperations.csproj", "{4B11CD99-AF04-415B-99FF-E52278CFA7FC}"
EndProject
Project("{FAE04EC0-301F-11D3-BF4B-00C04F79EFBC}") = "RepoDb.PostgreSql", "..\RepoDb.PostgreSql\RepoDb.PostgreSql\RepoDb.PostgreSql.csproj", "{6DC2760A-B41C-459A-8ABB-867F03B90AEC}"
EndProject
Project("{FAE04EC0-301F-11D3-BF4B-00C04F79EFBC}") = "RepoDb.Benchmarks.SqlServer", "RepoDb.Benchmarks.SqlServer\RepoDb.Benchmarks.SqlServer.csproj", "{C387EF36-8ED2-4056-94A0-F3347D681F56}"
EndProject
Project("{FAE04EC0-301F-11D3-BF4B-00C04F79EFBC}") = "RepoDb.Benchmarks.PostgreSql", "RepoDb.Benchmarks.PostgreSql\RepoDb.Benchmarks.PostgreSql.csproj", "{3180EF0C-01C0-4F8E-8AED-C605461CC393}"
EndProject
Global
	GlobalSection(SolutionConfigurationPlatforms) = preSolution
		Debug|Any CPU = Debug|Any CPU
		Release|Any CPU = Release|Any CPU
	EndGlobalSection
	GlobalSection(ProjectConfigurationPlatforms) = postSolution
		{6D196ABF-4A38-43C1-8D31-2C5CECC0F2AF}.Debug|Any CPU.ActiveCfg = Debug|Any CPU
		{6D196ABF-4A38-43C1-8D31-2C5CECC0F2AF}.Debug|Any CPU.Build.0 = Debug|Any CPU
		{6D196ABF-4A38-43C1-8D31-2C5CECC0F2AF}.Release|Any CPU.ActiveCfg = Release|Any CPU
		{6D196ABF-4A38-43C1-8D31-2C5CECC0F2AF}.Release|Any CPU.Build.0 = Release|Any CPU
		{9313409F-467E-40D7-874E-9105BBDDFA53}.Debug|Any CPU.ActiveCfg = Debug|Any CPU
		{9313409F-467E-40D7-874E-9105BBDDFA53}.Debug|Any CPU.Build.0 = Debug|Any CPU
		{9313409F-467E-40D7-874E-9105BBDDFA53}.Release|Any CPU.ActiveCfg = Release|Any CPU
		{9313409F-467E-40D7-874E-9105BBDDFA53}.Release|Any CPU.Build.0 = Release|Any CPU
		{4B11CD99-AF04-415B-99FF-E52278CFA7FC}.Debug|Any CPU.ActiveCfg = Debug|Any CPU
		{4B11CD99-AF04-415B-99FF-E52278CFA7FC}.Debug|Any CPU.Build.0 = Debug|Any CPU
		{4B11CD99-AF04-415B-99FF-E52278CFA7FC}.Release|Any CPU.ActiveCfg = Release|Any CPU
		{4B11CD99-AF04-415B-99FF-E52278CFA7FC}.Release|Any CPU.Build.0 = Release|Any CPU
		{6DC2760A-B41C-459A-8ABB-867F03B90AEC}.Debug|Any CPU.ActiveCfg = Debug|Any CPU
		{6DC2760A-B41C-459A-8ABB-867F03B90AEC}.Debug|Any CPU.Build.0 = Debug|Any CPU
		{6DC2760A-B41C-459A-8ABB-867F03B90AEC}.Release|Any CPU.ActiveCfg = Release|Any CPU
		{6DC2760A-B41C-459A-8ABB-867F03B90AEC}.Release|Any CPU.Build.0 = Release|Any CPU
		{C387EF36-8ED2-4056-94A0-F3347D681F56}.Debug|Any CPU.ActiveCfg = Debug|Any CPU
		{C387EF36-8ED2-4056-94A0-F3347D681F56}.Debug|Any CPU.Build.0 = Debug|Any CPU
		{C387EF36-8ED2-4056-94A0-F3347D681F56}.Release|Any CPU.ActiveCfg = Release|Any CPU
		{C387EF36-8ED2-4056-94A0-F3347D681F56}.Release|Any CPU.Build.0 = Release|Any CPU
		{3180EF0C-01C0-4F8E-8AED-C605461CC393}.Debug|Any CPU.ActiveCfg = Debug|Any CPU
		{3180EF0C-01C0-4F8E-8AED-C605461CC393}.Debug|Any CPU.Build.0 = Debug|Any CPU
		{3180EF0C-01C0-4F8E-8AED-C605461CC393}.Release|Any CPU.ActiveCfg = Release|Any CPU
		{3180EF0C-01C0-4F8E-8AED-C605461CC393}.Release|Any CPU.Build.0 = Release|Any CPU
	EndGlobalSection
	GlobalSection(SolutionProperties) = preSolution
		HideSolutionNode = FALSE
	EndGlobalSection
	GlobalSection(ExtensibilityGlobals) = postSolution
		SolutionGuid = {5229CEA0-E4C0-482B-8BC3-FD9C540F583C}
	EndGlobalSection
EndGlobal
