<Solution>
  <Configurations>
    <Platform Name="Any CPU" />
    <Platform Name="x64" />
    <Platform Name="x86" />
  </Configurations>
  <Project Path="../../Providers/RepoDb.Core/RepoDb/RepoDb.csproj" />
  <Project Path="../../Schema/RepoDb.Schema.Core/RepoDb.Schema.Core/RepoDb.Schema.Core.csproj" />
  <Project Path="RepoDb.Data.Core.UnitTests.Fake.BulkOperations/RepoDb.Data.Core.UnitTests.Fake.BulkOperations.csproj" />
  <Project Path="RepoDb.Data.Core.UnitTests/RepoDb.Data.Core.UnitTests.csproj" />
  <Project Path="RepoDb.Data.Core/RepoDb.Data.Core.csproj" />
</Solution>
