
Microsoft Visual Studio Solution File, Format Version 12.00
# Visual Studio Version 18
VisualStudioVersion = 18.7.11911.148
MinimumVisualStudioVersion = 10.0.40219.1
Project("{FAE04EC0-301F-11D3-BF4B-00C04F79EFBC}") = "RepoDb", "RepoDb.Core\RepoDb\RepoDb.csproj", "{00B83BB8-C9D4-C2A4-6DB8-7800DB6FDB23}"
EndProject
Project("{FAE04EC0-301F-11D3-BF4B-00C04F79EFBC}") = "RepoDb.SqlServer", "RepoDb.SqlServer\RepoDb.SqlServer\RepoDb.SqlServer.csproj", "{CAE1C93F-0DAF-6855-C812-E3B53EF88A93}"
EndProject
Project("{FAE04EC0-301F-11D3-BF4B-00C04F79EFBC}") = "RepoDb.PostgreSql", "RepoDb.PostgreSql\RepoDb.PostgreSql\RepoDb.PostgreSql.csproj", "{785B1CE6-05E6-9243-AEC6-298C96EB0CCE}"
EndProject
Project("{FAE04EC0-301F-11D3-BF4B-00C04F79EFBC}") = "RepoDb.PostgreSql.BulkOperations", "RepoDb.Extensions\RepoDb.PostgreSql.BulkOperations\RepoDb.PostgreSql.BulkOperations\RepoDb.PostgreSql.BulkOperations.csproj", "{9B4F0BE1-12DE-7D07-C497-770D685FE61B}"
EndProject
Project("{FAE04EC0-301F-11D3-BF4B-00C04F79EFBC}") = "RepoDb.SqlServer.BulkOperations", "RepoDb.Extensions\RepoDb.SqlServer.BulkOperations\RepoDb.SqlServer.BulkOperations\RepoDb.SqlServer.BulkOperations.csproj", "{DF79EDDF-0662-B287-095E-FD6AA8A6B669}"
EndProject
Project("{FAE04EC0-301F-11D3-BF4B-00C04F79EFBC}") = "RepoDb.Sqlite.Microsoft", "RepoDb.Sqlite.Microsoft\RepoDb.Sqlite.Microsoft\RepoDb.Sqlite.Microsoft.csproj", "{09D2531F-EA74-8339-7E76-996527CC711C}"
EndProject
Project("{FAE04EC0-301F-11D3-BF4B-00C04F79EFBC}") = "RepoDb.MySql", "RepoDb.MySql\RepoDb.MySql\RepoDb.MySql.csproj", "{68B6354B-7761-61AA-8499-67037B3CFC60}"
EndProject
Project("{FAE04EC0-301F-11D3-BF4B-00C04F79EFBC}") = "RepoDb.MySqlConnector", "RepoDb.MySqlConnector\RepoDb.MySqlConnector\RepoDb.MySqlConnector.csproj", "{D922F876-7C2B-3E3C-D1BF-4D1C6FBBB470}"
EndProject
Project("{2150E333-8FDC-42A3-9474-1A3956D46DE8}") = "Tests", "Tests", "{487CE4EA-BD6C-43C3-9731-02F23C9E2658}"
EndProject
Project("{FAE04EC0-301F-11D3-BF4B-00C04F79EFBC}") = "RepoDb.MySql.UnitTests", "RepoDb.MySql\RepoDb.MySql.UnitTests\RepoDb.MySql.UnitTests.csproj", "{F3611638-7C99-F4EA-AB6F-BE55917CE8DF}"
EndProject
Project("{FAE04EC0-301F-11D3-BF4B-00C04F79EFBC}") = "RepoDb.MySql.IntegrationTests", "RepoDb.MySql\RepoDb.MySql.IntegrationTests\RepoDb.MySql.IntegrationTests.csproj", "{29619B3D-D9B1-DF66-4BF7-2C3AF34D045E}"
EndProject
Project("{FAE04EC0-301F-11D3-BF4B-00C04F79EFBC}") = "RepoDb.MySqlConnector.UnitTests", "RepoDb.MySqlConnector\RepoDb.MySqlConnector.UnitTests\RepoDb.MySqlConnector.UnitTests.csproj", "{91393DA7-B401-2333-8C63-4393CFCAC721}"
EndProject
Project("{FAE04EC0-301F-11D3-BF4B-00C04F79EFBC}") = "RepoDb.MySqlConnector.IntegrationTests", "RepoDb.MySqlConnector\RepoDb.MySqlConnector.IntegrationTests\RepoDb.MySqlConnector.IntegrationTests.csproj", "{4FB59FA4-41B7-3AC1-0629-EE08F8DC53E4}"
EndProject
Project("{FAE04EC0-301F-11D3-BF4B-00C04F79EFBC}") = "RepoDb.PostgreSql.UnitTests", "RepoDb.PostgreSql\RepoDb.PostgreSql.UnitTests\RepoDb.PostgreSql.UnitTests.csproj", "{F7C8DDB9-B7D9-772C-E860-4E76CABD166F}"
EndProject
Project("{FAE04EC0-301F-11D3-BF4B-00C04F79EFBC}") = "RepoDb.PostgreSql.IntegrationTests", "RepoDb.PostgreSql\RepoDb.PostgreSql.IntegrationTests\RepoDb.PostgreSql.IntegrationTests.csproj", "{A915C445-C17B-A0D8-DC25-27ED76867FF3}"
EndProject
Project("{FAE04EC0-301F-11D3-BF4B-00C04F79EFBC}") = "RepoDb.Sqlite.Microsoft.UnitTests", "RepoDb.Sqlite.Microsoft\RepoDb.Sqlite.Microsoft.UnitTests\RepoDb.Sqlite.Microsoft.UnitTests.csproj", "{EA8B7B9A-B773-8AEB-A044-D743B30D01FE}"
EndProject
Project("{FAE04EC0-301F-11D3-BF4B-00C04F79EFBC}") = "RepoDb.Sqlite.Microsoft.IntegrationTests", "RepoDb.Sqlite.Microsoft\RepoDb.Sqlite.Microsoft.IntegrationTests\RepoDb.Sqlite.Microsoft.IntegrationTests.csproj", "{72C60CC8-CB5E-10DA-E25E-4943079BB0E1}"
EndProject
Project("{FAE04EC0-301F-11D3-BF4B-00C04F79EFBC}") = "RepoDb.SqlServer.UnitTests", "RepoDb.SqlServer\RepoDb.SqlServer.UnitTests\RepoDb.SqlServer.UnitTests.csproj", "{7FF2C092-2A31-4324-BCEC-5F7B4BCDE725}"
EndProject
Project("{FAE04EC0-301F-11D3-BF4B-00C04F79EFBC}") = "RepoDb.SqlServer.IntegrationTests", "RepoDb.SqlServer\RepoDb.SqlServer.IntegrationTests\RepoDb.SqlServer.IntegrationTests.csproj", "{14CDFE11-7793-1D27-3055-793204139FE0}"
EndProject
Project("{2150E333-8FDC-42A3-9474-1A3956D46DE8}") = "Packs", "Packs", "{83BFB098-559E-4B8C-97D8-151BF4063779}"
EndProject
Project("{FAE04EC0-301F-11D3-BF4B-00C04F79EFBC}") = "RepoDb.PostgreSql.BulkOperations.IntegrationTests", "RepoDb.Extensions\RepoDb.PostgreSql.BulkOperations\RepoDb.PostgreSql.BulkOperations.IntegrationTests\RepoDb.PostgreSql.BulkOperations.IntegrationTests.csproj", "{DEEF08FD-2509-C82C-FD89-4CC30D5B90C9}"
EndProject
Project("{FAE04EC0-301F-11D3-BF4B-00C04F79EFBC}") = "RepoDb.SqlServer.BulkOperations.IntegrationTests", "RepoDb.Extensions\RepoDb.SqlServer.BulkOperations\RepoDb.SqlServer.BulkOperations.IntegrationTests\RepoDb.SqlServer.BulkOperations.IntegrationTests.csproj", "{ECB2BCC1-7306-7EF0-D542-F8BB263DD477}"
EndProject
Project("{2150E333-8FDC-42A3-9474-1A3956D46DE8}") = "Telemetries", "Telemetries", "{22118217-0C37-4EDC-8569-48E4DE6C7BCC}"
EndProject
Project("{FAE04EC0-301F-11D3-BF4B-00C04F79EFBC}") = "RepoDb.Telemetry.Core", "RepoDb.Telemetry.Core\RepoDb.Telemetry.Core\RepoDb.Telemetry.Core.csproj", "{99B627FC-5849-8F14-E186-642F1973E8E0}"
EndProject
Project("{FAE04EC0-301F-11D3-BF4B-00C04F79EFBC}") = "RepoDb.Telemetry.Default", "RepoDb.Telemetry.Default\RepoDb.Telemetry.Default\RepoDb.Telemetry.Default.csproj", "{3AEA8A13-1E11-EF71-7CC5-DC3F7A8D665A}"
EndProject
Project("{FAE04EC0-301F-11D3-BF4B-00C04F79EFBC}") = "RepoDb.Telemetry.Core.UnitTests", "RepoDb.Telemetry.Core\RepoDb.Telemetry.Core.UnitTests\RepoDb.Telemetry.Core.UnitTests\RepoDb.Telemetry.Core.UnitTests.csproj", "{A8486D4F-B1E5-4239-A4CB-98000423ACB6}"
EndProject
Project("{FAE04EC0-301F-11D3-BF4B-00C04F79EFBC}") = "RepoDb.Telemetry.Default.UnitTests", "RepoDb.Telemetry.Default\RepoDb.Telemetry.Default.UnitTests\RepoDb.Telemetry.Default.UnitTests.csproj", "{761905A6-B9A8-D270-A9D3-1B5B7BE522BB}"
EndProject
Project("{FAE04EC0-301F-11D3-BF4B-00C04F79EFBC}") = "RepoDb.UnitTests", "RepoDb.Core\RepoDb.Tests\RepoDb.UnitTests\RepoDb.UnitTests.csproj", "{15AECE06-9D6F-CF0B-68F3-FA730CB45483}"
EndProject
Project("{FAE04EC0-301F-11D3-BF4B-00C04F79EFBC}") = "RepoDb.IntegrationTests", "RepoDb.Core\RepoDb.Tests\RepoDb.IntegrationTests\RepoDb.IntegrationTests.csproj", "{30BEFEAA-6A0F-D5EC-6E33-1C74082BA6F4}"
EndProject
Global
	GlobalSection(SolutionConfigurationPlatforms) = preSolution
		Debug|Any CPU = Debug|Any CPU
		Release|Any CPU = Release|Any CPU
	EndGlobalSection
	GlobalSection(ProjectConfigurationPlatforms) = postSolution
		{00B83BB8-C9D4-C2A4-6DB8-7800DB6FDB23}.Debug|Any CPU.ActiveCfg = Debug|Any CPU
		{00B83BB8-C9D4-C2A4-6DB8-7800DB6FDB23}.Debug|Any CPU.Build.0 = Debug|Any CPU
		{00B83BB8-C9D4-C2A4-6DB8-7800DB6FDB23}.Release|Any CPU.ActiveCfg = Release|Any CPU
		{00B83BB8-C9D4-C2A4-6DB8-7800DB6FDB23}.Release|Any CPU.Build.0 = Release|Any CPU
		{CAE1C93F-0DAF-6855-C812-E3B53EF88A93}.Debug|Any CPU.ActiveCfg = Debug|Any CPU
		{CAE1C93F-0DAF-6855-C812-E3B53EF88A93}.Debug|Any CPU.Build.0 = Debug|Any CPU
		{CAE1C93F-0DAF-6855-C812-E3B53EF88A93}.Release|Any CPU.ActiveCfg = Release|Any CPU
		{CAE1C93F-0DAF-6855-C812-E3B53EF88A93}.Release|Any CPU.Build.0 = Release|Any CPU
		{785B1CE6-05E6-9243-AEC6-298C96EB0CCE}.Debug|Any CPU.ActiveCfg = Debug|Any CPU
		{785B1CE6-05E6-9243-AEC6-298C96EB0CCE}.Debug|Any CPU.Build.0 = Debug|Any CPU
		{785B1CE6-05E6-9243-AEC6-298C96EB0CCE}.Release|Any CPU.ActiveCfg = Release|Any CPU
		{785B1CE6-05E6-9243-AEC6-298C96EB0CCE}.Release|Any CPU.Build.0 = Release|Any CPU
		{9B4F0BE1-12DE-7D07-C497-770D685FE61B}.Debug|Any CPU.ActiveCfg = Debug|Any CPU
		{9B4F0BE1-12DE-7D07-C497-770D685FE61B}.Debug|Any CPU.Build.0 = Debug|Any CPU
		{9B4F0BE1-12DE-7D07-C497-770D685FE61B}.Release|Any CPU.ActiveCfg = Release|Any CPU
		{9B4F0BE1-12DE-7D07-C497-770D685FE61B}.Release|Any CPU.Build.0 = Release|Any CPU
		{DF79EDDF-0662-B287-095E-FD6AA8A6B669}.Debug|Any CPU.ActiveCfg = Debug|Any CPU
		{DF79EDDF-0662-B287-095E-FD6AA8A6B669}.Debug|Any CPU.Build.0 = Debug|Any CPU
		{DF79EDDF-0662-B287-095E-FD6AA8A6B669}.Release|Any CPU.ActiveCfg = Release|Any CPU
		{DF79EDDF-0662-B287-095E-FD6AA8A6B669}.Release|Any CPU.Build.0 = Release|Any CPU
		{09D2531F-EA74-8339-7E76-996527CC711C}.Debug|Any CPU.ActiveCfg = Debug|Any CPU
		{09D2531F-EA74-8339-7E76-996527CC711C}.Debug|Any CPU.Build.0 = Debug|Any CPU
		{09D2531F-EA74-8339-7E76-996527CC711C}.Release|Any CPU.ActiveCfg = Release|Any CPU
		{09D2531F-EA74-8339-7E76-996527CC711C}.Release|Any CPU.Build.0 = Release|Any CPU
		{68B6354B-7761-61AA-8499-67037B3CFC60}.Debug|Any CPU.ActiveCfg = Debug|Any CPU
		{68B6354B-7761-61AA-8499-67037B3CFC60}.Debug|Any CPU.Build.0 = Debug|Any CPU
		{68B6354B-7761-61AA-8499-67037B3CFC60}.Release|Any CPU.ActiveCfg = Release|Any CPU
		{68B6354B-7761-61AA-8499-67037B3CFC60}.Release|Any CPU.Build.0 = Release|Any CPU
		{D922F876-7C2B-3E3C-D1BF-4D1C6FBBB470}.Debug|Any CPU.ActiveCfg = Debug|Any CPU
		{D922F876-7C2B-3E3C-D1BF-4D1C6FBBB470}.Debug|Any CPU.Build.0 = Debug|Any CPU
		{D922F876-7C2B-3E3C-D1BF-4D1C6FBBB470}.Release|Any CPU.ActiveCfg = Release|Any CPU
		{D922F876-7C2B-3E3C-D1BF-4D1C6FBBB470}.Release|Any CPU.Build.0 = Release|Any CPU
		{F3611638-7C99-F4EA-AB6F-BE55917CE8DF}.Debug|Any CPU.ActiveCfg = Debug|Any CPU
		{F3611638-7C99-F4EA-AB6F-BE55917CE8DF}.Debug|Any CPU.Build.0 = Debug|Any CPU
		{F3611638-7C99-F4EA-AB6F-BE55917CE8DF}.Release|Any CPU.ActiveCfg = Release|Any CPU
		{F3611638-7C99-F4EA-AB6F-BE55917CE8DF}.Release|Any CPU.Build.0 = Release|Any CPU
		{29619B3D-D9B1-DF66-4BF7-2C3AF34D045E}.Debug|Any CPU.ActiveCfg = Debug|Any CPU
		{29619B3D-D9B1-DF66-4BF7-2C3AF34D045E}.Debug|Any CPU.Build.0 = Debug|Any CPU
		{29619B3D-D9B1-DF66-4BF7-2C3AF34D045E}.Release|Any CPU.ActiveCfg = Release|Any CPU
		{29619B3D-D9B1-DF66-4BF7-2C3AF34D045E}.Release|Any CPU.Build.0 = Release|Any CPU
		{91393DA7-B401-2333-8C63-4393CFCAC721}.Debug|Any CPU.ActiveCfg = Debug|Any CPU
		{91393DA7-B401-2333-8C63-4393CFCAC721}.Debug|Any CPU.Build.0 = Debug|Any CPU
		{91393DA7-B401-2333-8C63-4393CFCAC721}.Release|Any CPU.ActiveCfg = Release|Any CPU
		{91393DA7-B401-2333-8C63-4393CFCAC721}.Release|Any CPU.Build.0 = Release|Any CPU
		{4FB59FA4-41B7-3AC1-0629-EE08F8DC53E4}.Debug|Any CPU.ActiveCfg = Debug|Any CPU
		{4FB59FA4-41B7-3AC1-0629-EE08F8DC53E4}.Debug|Any CPU.Build.0 = Debug|Any CPU
		{4FB59FA4-41B7-3AC1-0629-EE08F8DC53E4}.Release|Any CPU.ActiveCfg = Release|Any CPU
		{4FB59FA4-41B7-3AC1-0629-EE08F8DC53E4}.Release|Any CPU.Build.0 = Release|Any CPU
		{F7C8DDB9-B7D9-772C-E860-4E76CABD166F}.Debug|Any CPU.ActiveCfg = Debug|Any CPU
		{F7C8DDB9-B7D9-772C-E860-4E76CABD166F}.Debug|Any CPU.Build.0 = Debug|Any CPU
		{F7C8DDB9-B7D9-772C-E860-4E76CABD166F}.Release|Any CPU.ActiveCfg = Release|Any CPU
		{F7C8DDB9-B7D9-772C-E860-4E76CABD166F}.Release|Any CPU.Build.0 = Release|Any CPU
		{A915C445-C17B-A0D8-DC25-27ED76867FF3}.Debug|Any CPU.ActiveCfg = Debug|Any CPU
		{A915C445-C17B-A0D8-DC25-27ED76867FF3}.Debug|Any CPU.Build.0 = Debug|Any CPU
		{A915C445-C17B-A0D8-DC25-27ED76867FF3}.Release|Any CPU.ActiveCfg = Release|Any CPU
		{A915C445-C17B-A0D8-DC25-27ED76867FF3}.Release|Any CPU.Build.0 = Release|Any CPU
		{EA8B7B9A-B773-8AEB-A044-D743B30D01FE}.Debug|Any CPU.ActiveCfg = Debug|Any CPU
		{EA8B7B9A-B773-8AEB-A044-D743B30D01FE}.Debug|Any CPU.Build.0 = Debug|Any CPU
		{EA8B7B9A-B773-8AEB-A044-D743B30D01FE}.Release|Any CPU.ActiveCfg = Release|Any CPU
		{EA8B7B9A-B773-8AEB-A044-D743B30D01FE}.Release|Any CPU.Build.0 = Release|Any CPU
		{72C60CC8-CB5E-10DA-E25E-4943079BB0E1}.Debug|Any CPU.ActiveCfg = Debug|Any CPU
		{72C60CC8-CB5E-10DA-E25E-4943079BB0E1}.Debug|Any CPU.Build.0 = Debug|Any CPU
		{72C60CC8-CB5E-10DA-E25E-4943079BB0E1}.Release|Any CPU.ActiveCfg = Release|Any CPU
		{72C60CC8-CB5E-10DA-E25E-4943079BB0E1}.Release|Any CPU.Build.0 = Release|Any CPU
		{7FF2C092-2A31-4324-BCEC-5F7B4BCDE725}.Debug|Any CPU.ActiveCfg = Debug|Any CPU
		{7FF2C092-2A31-4324-BCEC-5F7B4BCDE725}.Debug|Any CPU.Build.0 = Debug|Any CPU
		{7FF2C092-2A31-4324-BCEC-5F7B4BCDE725}.Release|Any CPU.ActiveCfg = Release|Any CPU
		{7FF2C092-2A31-4324-BCEC-5F7B4BCDE725}.Release|Any CPU.Build.0 = Release|Any CPU
		{14CDFE11-7793-1D27-3055-793204139FE0}.Debug|Any CPU.ActiveCfg = Debug|Any CPU
		{14CDFE11-7793-1D27-3055-793204139FE0}.Debug|Any CPU.Build.0 = Debug|Any CPU
		{14CDFE11-7793-1D27-3055-793204139FE0}.Release|Any CPU.ActiveCfg = Release|Any CPU
		{14CDFE11-7793-1D27-3055-793204139FE0}.Release|Any CPU.Build.0 = Release|Any CPU
		{DEEF08FD-2509-C82C-FD89-4CC30D5B90C9}.Debug|Any CPU.ActiveCfg = Debug|Any CPU
		{DEEF08FD-2509-C82C-FD89-4CC30D5B90C9}.Debug|Any CPU.Build.0 = Debug|Any CPU
		{DEEF08FD-2509-C82C-FD89-4CC30D5B90C9}.Release|Any CPU.ActiveCfg = Release|Any CPU
		{DEEF08FD-2509-C82C-FD89-4CC30D5B90C9}.Release|Any CPU.Build.0 = Release|Any CPU
		{ECB2BCC1-7306-7EF0-D542-F8BB263DD477}.Debug|Any CPU.ActiveCfg = Debug|Any CPU
		{ECB2BCC1-7306-7EF0-D542-F8BB263DD477}.Debug|Any CPU.Build.0 = Debug|Any CPU
		{ECB2BCC1-7306-7EF0-D542-F8BB263DD477}.Release|Any CPU.ActiveCfg = Release|Any CPU
		{ECB2BCC1-7306-7EF0-D542-F8BB263DD477}.Release|Any CPU.Build.0 = Release|Any CPU
		{99B627FC-5849-8F14-E186-642F1973E8E0}.Debug|Any CPU.ActiveCfg = Debug|Any CPU
		{99B627FC-5849-8F14-E186-642F1973E8E0}.Debug|Any CPU.Build.0 = Debug|Any CPU
		{99B627FC-5849-8F14-E186-642F1973E8E0}.Release|Any CPU.ActiveCfg = Release|Any CPU
		{99B627FC-5849-8F14-E186-642F1973E8E0}.Release|Any CPU.Build.0 = Release|Any CPU
		{3AEA8A13-1E11-EF71-7CC5-DC3F7A8D665A}.Debug|Any CPU.ActiveCfg = Debug|Any CPU
		{3AEA8A13-1E11-EF71-7CC5-DC3F7A8D665A}.Debug|Any CPU.Build.0 = Debug|Any CPU
		{3AEA8A13-1E11-EF71-7CC5-DC3F7A8D665A}.Release|Any CPU.ActiveCfg = Release|Any CPU
		{3AEA8A13-1E11-EF71-7CC5-DC3F7A8D665A}.Release|Any CPU.Build.0 = Release|Any CPU
		{A8486D4F-B1E5-4239-A4CB-98000423ACB6}.Debug|Any CPU.ActiveCfg = Debug|Any CPU
		{A8486D4F-B1E5-4239-A4CB-98000423ACB6}.Debug|Any CPU.Build.0 = Debug|Any CPU
		{A8486D4F-B1E5-4239-A4CB-98000423ACB6}.Release|Any CPU.ActiveCfg = Release|Any CPU
		{A8486D4F-B1E5-4239-A4CB-98000423ACB6}.Release|Any CPU.Build.0 = Release|Any CPU
		{761905A6-B9A8-D270-A9D3-1B5B7BE522BB}.Debug|Any CPU.ActiveCfg = Debug|Any CPU
		{761905A6-B9A8-D270-A9D3-1B5B7BE522BB}.Debug|Any CPU.Build.0 = Debug|Any CPU
		{761905A6-B9A8-D270-A9D3-1B5B7BE522BB}.Release|Any CPU.ActiveCfg = Release|Any CPU
		{761905A6-B9A8-D270-A9D3-1B5B7BE522BB}.Release|Any CPU.Build.0 = Release|Any CPU
		{15AECE06-9D6F-CF0B-68F3-FA730CB45483}.Debug|Any CPU.ActiveCfg = Debug|Any CPU
		{15AECE06-9D6F-CF0B-68F3-FA730CB45483}.Debug|Any CPU.Build.0 = Debug|Any CPU
		{15AECE06-9D6F-CF0B-68F3-FA730CB45483}.Release|Any CPU.ActiveCfg = Release|Any CPU
		{15AECE06-9D6F-CF0B-68F3-FA730CB45483}.Release|Any CPU.Build.0 = Release|Any CPU
		{30BEFEAA-6A0F-D5EC-6E33-1C74082BA6F4}.Debug|Any CPU.ActiveCfg = Debug|Any CPU
		{30BEFEAA-6A0F-D5EC-6E33-1C74082BA6F4}.Debug|Any CPU.Build.0 = Debug|Any CPU
		{30BEFEAA-6A0F-D5EC-6E33-1C74082BA6F4}.Release|Any CPU.ActiveCfg = Release|Any CPU
		{30BEFEAA-6A0F-D5EC-6E33-1C74082BA6F4}.Release|Any CPU.Build.0 = Release|Any CPU
	EndGlobalSection
	GlobalSection(SolutionProperties) = preSolution
		HideSolutionNode = FALSE
	EndGlobalSection
	GlobalSection(NestedProjects) = preSolution
		{00B83BB8-C9D4-C2A4-6DB8-7800DB6FDB23} = {83BFB098-559E-4B8C-97D8-151BF4063779}
		{CAE1C93F-0DAF-6855-C812-E3B53EF88A93} = {83BFB098-559E-4B8C-97D8-151BF4063779}
		{785B1CE6-05E6-9243-AEC6-298C96EB0CCE} = {83BFB098-559E-4B8C-97D8-151BF4063779}
		{9B4F0BE1-12DE-7D07-C497-770D685FE61B} = {83BFB098-559E-4B8C-97D8-151BF4063779}
		{DF79EDDF-0662-B287-095E-FD6AA8A6B669} = {83BFB098-559E-4B8C-97D8-151BF4063779}
		{09D2531F-EA74-8339-7E76-996527CC711C} = {83BFB098-559E-4B8C-97D8-151BF4063779}
		{68B6354B-7761-61AA-8499-67037B3CFC60} = {83BFB098-559E-4B8C-97D8-151BF4063779}
		{D922F876-7C2B-3E3C-D1BF-4D1C6FBBB470} = {83BFB098-559E-4B8C-97D8-151BF4063779}
		{F3611638-7C99-F4EA-AB6F-BE55917CE8DF} = {487CE4EA-BD6C-43C3-9731-02F23C9E2658}
		{29619B3D-D9B1-DF66-4BF7-2C3AF34D045E} = {487CE4EA-BD6C-43C3-9731-02F23C9E2658}
		{91393DA7-B401-2333-8C63-4393CFCAC721} = {487CE4EA-BD6C-43C3-9731-02F23C9E2658}
		{4FB59FA4-41B7-3AC1-0629-EE08F8DC53E4} = {487CE4EA-BD6C-43C3-9731-02F23C9E2658}
		{F7C8DDB9-B7D9-772C-E860-4E76CABD166F} = {487CE4EA-BD6C-43C3-9731-02F23C9E2658}
		{A915C445-C17B-A0D8-DC25-27ED76867FF3} = {487CE4EA-BD6C-43C3-9731-02F23C9E2658}
		{EA8B7B9A-B773-8AEB-A044-D743B30D01FE} = {487CE4EA-BD6C-43C3-9731-02F23C9E2658}
		{72C60CC8-CB5E-10DA-E25E-4943079BB0E1} = {487CE4EA-BD6C-43C3-9731-02F23C9E2658}
		{7FF2C092-2A31-4324-BCEC-5F7B4BCDE725} = {487CE4EA-BD6C-43C3-9731-02F23C9E2658}
		{14CDFE11-7793-1D27-3055-793204139FE0} = {487CE4EA-BD6C-43C3-9731-02F23C9E2658}
		{DEEF08FD-2509-C82C-FD89-4CC30D5B90C9} = {487CE4EA-BD6C-43C3-9731-02F23C9E2658}
		{ECB2BCC1-7306-7EF0-D542-F8BB263DD477} = {487CE4EA-BD6C-43C3-9731-02F23C9E2658}
		{99B627FC-5849-8F14-E186-642F1973E8E0} = {22118217-0C37-4EDC-8569-48E4DE6C7BCC}
		{3AEA8A13-1E11-EF71-7CC5-DC3F7A8D665A} = {22118217-0C37-4EDC-8569-48E4DE6C7BCC}
		{A8486D4F-B1E5-4239-A4CB-98000423ACB6} = {487CE4EA-BD6C-43C3-9731-02F23C9E2658}
		{761905A6-B9A8-D270-A9D3-1B5B7BE522BB} = {487CE4EA-BD6C-43C3-9731-02F23C9E2658}
		{15AECE06-9D6F-CF0B-68F3-FA730CB45483} = {487CE4EA-BD6C-43C3-9731-02F23C9E2658}
		{30BEFEAA-6A0F-D5EC-6E33-1C74082BA6F4} = {487CE4EA-BD6C-43C3-9731-02F23C9E2658}
	EndGlobalSection
	GlobalSection(ExtensibilityGlobals) = postSolution
		SolutionGuid = {D15A7161-5524-45B7-A22A-EA6C877AA840}
	EndGlobalSection
EndGlobal
