
Microsoft Visual Studio Solution File, Format Version 12.00
# Visual Studio Version 18
VisualStudioVersion = 18.7.11911.148
MinimumVisualStudioVersion = 10.0.40219.1
Project("{FAE04EC0-301F-11D3-BF4B-00C04F79EFBC}") = "RepoDb", "RepoDb.Core\RepoDb\RepoDb.csproj", "{00B83BB8-C9D4-C2A4-6DB8-7800DB6FDB23}"
EndProject
Project("{FAE04EC0-301F-11D3-BF4B-00C04F79EFBC}") = "RepoDb.SqlServer", "RepoDb.SqlServer\RepoDb.SqlServer\RepoDb.SqlServer.csproj", "{CAE1C93F-0DAF-6855-C812-E3B53EF88A93}"
EndProject
Project("{FAE04EC0-301F-11D3-BF4B-00C04F79EFBC}") = "RepoDb.PostgreSql", "RepoDb.PostgreSql\RepoDb.PostgreSql\RepoDb.PostgreSql.csproj", "{785B1CE6-05E6-9243-AEC6-298C96EB0CCE}"
EndProject
Project("{FAE04EC0-301F-11D3-BF4B-00C04F79EFBC}") = "RepoDb.PostgreSql.BulkOperations", "RepoDb.Extensions\RepoDb.PostgreSql.BulkOperations\RepoDb.PostgreSql.BulkOperations\RepoDb.PostgreSql.BulkOperations.csproj", "{9B4F0BE1-12DE-7D07-C497-770D685FE61B}"
EndProject
Project("{FAE04EC0-301F-11D3-BF4B-00C04F79EFBC}") = "RepoDb.SqlServer.BulkOperations", "RepoDb.Extensions\RepoDb.SqlServer.BulkOperations\RepoDb.SqlServer.BulkOperations\RepoDb.SqlServer.BulkOperations.csproj", "{DF79EDDF-0662-B287-095E-FD6AA8A6B669}"
EndProject
Project("{FAE04EC0-301F-11D3-BF4B-00C04F79EFBC}") = "RepoDb.Sqlite.Microsoft", "RepoDb.Sqlite.Microsoft\RepoDb.Sqlite.Microsoft\RepoDb.Sqlite.Microsoft.csproj", "{09D2531F-EA74-8339-7E76-996527CC711C}"
EndProject
Project("{FAE04EC0-301F-11D3-BF4B-00C04F79EFBC}") = "RepoDb.SQLite.System", "RepoDb.SQLite.System\RepoDb.SQLite.System\RepoDb.SQLite.System.csproj", "{18365B20-AB7A-965B-2E4C-FD583DC1343D}"
EndProject
Project("{FAE04EC0-301F-11D3-BF4B-00C04F79EFBC}") = "RepoDb.MySql", "RepoDb.MySql\RepoDb.MySql\RepoDb.MySql.csproj", "{68B6354B-7761-61AA-8499-67037B3CFC60}"
EndProject
Project("{FAE04EC0-301F-11D3-BF4B-00C04F79EFBC}") = "RepoDb.MySqlConnector", "RepoDb.MySqlConnector\RepoDb.MySqlConnector\RepoDb.MySqlConnector.csproj", "{D922F876-7C2B-3E3C-D1BF-4D1C6FBBB470}"
EndProject
Global
	GlobalSection(SolutionConfigurationPlatforms) = preSolution
		Debug|Any CPU = Debug|Any CPU
		Release|Any CPU = Release|Any CPU
	EndGlobalSection
	GlobalSection(ProjectConfigurationPlatforms) = postSolution
		{00B83BB8-C9D4-C2A4-6DB8-7800DB6FDB23}.Debug|Any CPU.ActiveCfg = Debug|Any CPU
		{00B83BB8-C9D4-C2A4-6DB8-7800DB6FDB23}.Debug|Any CPU.Build.0 = Debug|Any CPU
		{00B83BB8-C9D4-C2A4-6DB8-7800DB6FDB23}.Release|Any CPU.ActiveCfg = Release|Any CPU
		{00B83BB8-C9D4-C2A4-6DB8-7800DB6FDB23}.Release|Any CPU.Build.0 = Release|Any CPU
		{CAE1C93F-0DAF-6855-C812-E3B53EF88A93}.Debug|Any CPU.ActiveCfg = Debug|Any CPU
		{CAE1C93F-0DAF-6855-C812-E3B53EF88A93}.Debug|Any CPU.Build.0 = Debug|Any CPU
		{CAE1C93F-0DAF-6855-C812-E3B53EF88A93}.Release|Any CPU.ActiveCfg = Release|Any CPU
		{CAE1C93F-0DAF-6855-C812-E3B53EF88A93}.Release|Any CPU.Build.0 = Release|Any CPU
		{785B1CE6-05E6-9243-AEC6-298C96EB0CCE}.Debug|Any CPU.ActiveCfg = Debug|Any CPU
		{785B1CE6-05E6-9243-AEC6-298C96EB0CCE}.Debug|Any CPU.Build.0 = Debug|Any CPU
		{785B1CE6-05E6-9243-AEC6-298C96EB0CCE}.Release|Any CPU.ActiveCfg = Release|Any CPU
		{785B1CE6-05E6-9243-AEC6-298C96EB0CCE}.Release|Any CPU.Build.0 = Release|Any CPU
		{9B4F0BE1-12DE-7D07-C497-770D685FE61B}.Debug|Any CPU.ActiveCfg = Debug|Any CPU
		{9B4F0BE1-12DE-7D07-C497-770D685FE61B}.Debug|Any CPU.Build.0 = Debug|Any CPU
		{9B4F0BE1-12DE-7D07-C497-770D685FE61B}.Release|Any CPU.ActiveCfg = Release|Any CPU
		{9B4F0BE1-12DE-7D07-C497-770D685FE61B}.Release|Any CPU.Build.0 = Release|Any CPU
		{DF79EDDF-0662-B287-095E-FD6AA8A6B669}.Debug|Any CPU.ActiveCfg = Debug|Any CPU
		{DF79EDDF-0662-B287-095E-FD6AA8A6B669}.Debug|Any CPU.Build.0 = Debug|Any CPU
		{DF79EDDF-0662-B287-095E-FD6AA8A6B669}.Release|Any CPU.ActiveCfg = Release|Any CPU
		{DF79EDDF-0662-B287-095E-FD6AA8A6B669}.Release|Any CPU.Build.0 = Release|Any CPU
		{09D2531F-EA74-8339-7E76-996527CC711C}.Debug|Any CPU.ActiveCfg = Debug|Any CPU
		{09D2531F-EA74-8339-7E76-996527CC711C}.Debug|Any CPU.Build.0 = Debug|Any CPU
		{09D2531F-EA74-8339-7E76-996527CC711C}.Release|Any CPU.ActiveCfg = Release|Any CPU
		{09D2531F-EA74-8339-7E76-996527CC711C}.Release|Any CPU.Build.0 = Release|Any CPU
		{18365B20-AB7A-965B-2E4C-FD583DC1343D}.Debug|Any CPU.ActiveCfg = Debug|Any CPU
		{18365B20-AB7A-965B-2E4C-FD583DC1343D}.Debug|Any CPU.Build.0 = Debug|Any CPU
		{18365B20-AB7A-965B-2E4C-FD583DC1343D}.Release|Any CPU.ActiveCfg = Release|Any CPU
		{18365B20-AB7A-965B-2E4C-FD583DC1343D}.Release|Any CPU.Build.0 = Release|Any CPU
		{68B6354B-7761-61AA-8499-67037B3CFC60}.Debug|Any CPU.ActiveCfg = Debug|Any CPU
		{68B6354B-7761-61AA-8499-67037B3CFC60}.Debug|Any CPU.Build.0 = Debug|Any CPU
		{68B6354B-7761-61AA-8499-67037B3CFC60}.Release|Any CPU.ActiveCfg = Release|Any CPU
		{68B6354B-7761-61AA-8499-67037B3CFC60}.Release|Any CPU.Build.0 = Release|Any CPU
		{D922F876-7C2B-3E3C-D1BF-4D1C6FBBB470}.Debug|Any CPU.ActiveCfg = Debug|Any CPU
		{D922F876-7C2B-3E3C-D1BF-4D1C6FBBB470}.Debug|Any CPU.Build.0 = Debug|Any CPU
		{D922F876-7C2B-3E3C-D1BF-4D1C6FBBB470}.Release|Any CPU.ActiveCfg = Release|Any CPU
		{D922F876-7C2B-3E3C-D1BF-4D1C6FBBB470}.Release|Any CPU.Build.0 = Release|Any CPU
	EndGlobalSection
	GlobalSection(SolutionProperties) = preSolution
		HideSolutionNode = FALSE
	EndGlobalSection
	GlobalSection(ExtensibilityGlobals) = postSolution
		SolutionGuid = {D15A7161-5524-45B7-A22A-EA6C877AA840}
	EndGlobalSection
EndGlobal
