
Microsoft Visual Studio Solution File, Format Version 12.00
# Visual Studio Version 16
VisualStudioVersion = 16.0.29709.97
MinimumVisualStudioVersion = 10.0.40219.1
Project("{9A19103F-16F7-4668-BE54-9A1E7A4F7556}") = "RepoDb", "RepoDb\RepoDb.csproj", "{A31A38C8-603E-4499-A5C1-4A6366864EA7}"
EndProject
Project("{2150E333-8FDC-42A3-9474-1A3956D46DE8}") = "RepoDb.Base", "RepoDb.Base", "{FBA086B1-2EDE-4C8B-B3FD-D25EBD8C9465}"
	ProjectSection(SolutionItems) = preProject
		README.md = README.md
	EndProjectSection
EndProject
Project("{2150E333-8FDC-42A3-9474-1A3956D46DE8}") = "RepoDb.Tests", "RepoDb.Tests", "{DED897C3-5F56-4260-999D-0D2C5C7B9985}"
EndProject
Project("{FAE04EC0-301F-11D3-BF4B-00C04F79EFBC}") = "RepoDb.UnitTests", "RepoDb.Tests\RepoDb.UnitTests\RepoDb.UnitTests.csproj", "{4EF9CD35-0848-4461-99DA-1586FBD5ADF8}"
EndProject
Project("{FAE04EC0-301F-11D3-BF4B-00C04F79EFBC}") = "RepoDb.IntegrationTests", "RepoDb.Tests\RepoDb.IntegrationTests\RepoDb.IntegrationTests.csproj", "{EECB6031-487B-4E8A-9034-71402FF2E5B2}"
EndProject
Global
	GlobalSection(SolutionConfigurationPlatforms) = preSolution
		Debug|Any CPU = Debug|Any CPU
		Release|Any CPU = Release|Any CPU
	EndGlobalSection
	GlobalSection(ProjectConfigurationPlatforms) = postSolution
		{A31A38C8-603E-4499-A5C1-4A6366864EA7}.Debug|Any CPU.ActiveCfg = Debug|Any CPU
		{A31A38C8-603E-4499-A5C1-4A6366864EA7}.Debug|Any CPU.Build.0 = Debug|Any CPU
		{A31A38C8-603E-4499-A5C1-4A6366864EA7}.Release|Any CPU.ActiveCfg = Release|Any CPU
		{A31A38C8-603E-4499-A5C1-4A6366864EA7}.Release|Any CPU.Build.0 = Release|Any CPU
		{4EF9CD35-0848-4461-99DA-1586FBD5ADF8}.Debug|Any CPU.ActiveCfg = Debug|Any CPU
		{4EF9CD35-0848-4461-99DA-1586FBD5ADF8}.Debug|Any CPU.Build.0 = Debug|Any CPU
		{4EF9CD35-0848-4461-99DA-1586FBD5ADF8}.Release|Any CPU.ActiveCfg = Release|Any CPU
		{4EF9CD35-0848-4461-99DA-1586FBD5ADF8}.Release|Any CPU.Build.0 = Release|Any CPU
		{EECB6031-487B-4E8A-9034-71402FF2E5B2}.Debug|Any CPU.ActiveCfg = Debug|Any CPU
		{EECB6031-487B-4E8A-9034-71402FF2E5B2}.Debug|Any CPU.Build.0 = Debug|Any CPU
		{EECB6031-487B-4E8A-9034-71402FF2E5B2}.Release|Any CPU.ActiveCfg = Release|Any CPU
		{EECB6031-487B-4E8A-9034-71402FF2E5B2}.Release|Any CPU.Build.0 = Release|Any CPU
	EndGlobalSection
	GlobalSection(SolutionProperties) = preSolution
		HideSolutionNode = FALSE
	EndGlobalSection
	GlobalSection(NestedProjects) = preSolution
		{4EF9CD35-0848-4461-99DA-1586FBD5ADF8} = {DED897C3-5F56-4260-999D-0D2C5C7B9985}
		{EECB6031-487B-4E8A-9034-71402FF2E5B2} = {DED897C3-5F56-4260-999D-0D2C5C7B9985}
	EndGlobalSection
	GlobalSection(ExtensibilityGlobals) = postSolution
		SolutionGuid = {DB91B409-9CD2-4966-B0F9-802DA2BD02B6}
	EndGlobalSection
EndGlobal
