
Microsoft Visual Studio Solution File, Format Version 12.00
# Visual Studio Version 16
VisualStudioVersion = 16.0.29709.97
MinimumVisualStudioVersion = 10.0.40219.1
Project("{9A19103F-16F7-4668-BE54-9A1E7A4F7556}") = "RepoDb.Oracle", "RepoDb.Oracle\RepoDb.Oracle.csproj", "{D990D730-2E3D-450C-884B-DB5C2C2D0167}"
EndProject
Project("{9A19103F-16F7-4668-BE54-9A1E7A4F7556}") = "RepoDb", "..\RepoDb.Core\RepoDb\RepoDb.csproj", "{D90C0279-1EBA-47BD-AF94-5BE3CD618010}"
EndProject
Project("{2150E333-8FDC-42A3-9474-1A3956D46DE8}") = "RepoDb.Oracle.Base", "RepoDb.Oracle.Base", "{3638A270-AA63-4F43-B745-C673CA0A29A1}"
	ProjectSection(SolutionItems) = preProject
		README.md = README.md
	EndProjectSection
EndProject
Project("{2150E333-8FDC-42A3-9474-1A3956D46DE8}") = "RepoDb.Oracle.Tests", "RepoDb.Oracle.Tests", "{27F1ABDA-5C14-4104-B761-E3492BD230D6}"
EndProject
Project("{9A19103F-16F7-4668-BE54-9A1E7A4F7556}") = "RepoDb.Oracle.UnitTests", "RepoDb.Oracle.UnitTests\RepoDb.Oracle.UnitTests.csproj", "{A5D67AE6-2A08-4499-8DB4-6133F98BFBFA}"
EndProject
Project("{FAE04EC0-301F-11D3-BF4B-00C04F79EFBC}") = "RepoDb.Oracle.IntegrationTests", "RepoDb.Oracle.IntegrationTests\RepoDb.Oracle.IntegrationTests.csproj", "{D01A9553-3029-4AA0-BF22-86DDD07A20A4}"
EndProject
Global
	GlobalSection(SolutionConfigurationPlatforms) = preSolution
		Debug|Any CPU = Debug|Any CPU
		Release|Any CPU = Release|Any CPU
	EndGlobalSection
	GlobalSection(ProjectConfigurationPlatforms) = postSolution
		{D990D730-2E3D-450C-884B-DB5C2C2D0167}.Debug|Any CPU.ActiveCfg = Debug|Any CPU
		{D990D730-2E3D-450C-884B-DB5C2C2D0167}.Debug|Any CPU.Build.0 = Debug|Any CPU
		{D990D730-2E3D-450C-884B-DB5C2C2D0167}.Release|Any CPU.ActiveCfg = Release|Any CPU
		{D990D730-2E3D-450C-884B-DB5C2C2D0167}.Release|Any CPU.Build.0 = Release|Any CPU
		{D90C0279-1EBA-47BD-AF94-5BE3CD618010}.Debug|Any CPU.ActiveCfg = Debug|Any CPU
		{D90C0279-1EBA-47BD-AF94-5BE3CD618010}.Debug|Any CPU.Build.0 = Debug|Any CPU
		{D90C0279-1EBA-47BD-AF94-5BE3CD618010}.Release|Any CPU.ActiveCfg = Release|Any CPU
		{D90C0279-1EBA-47BD-AF94-5BE3CD618010}.Release|Any CPU.Build.0 = Release|Any CPU
		{A5D67AE6-2A08-4499-8DB4-6133F98BFBFA}.Debug|Any CPU.ActiveCfg = Debug|Any CPU
		{A5D67AE6-2A08-4499-8DB4-6133F98BFBFA}.Debug|Any CPU.Build.0 = Debug|Any CPU
		{A5D67AE6-2A08-4499-8DB4-6133F98BFBFA}.Release|Any CPU.ActiveCfg = Release|Any CPU
		{A5D67AE6-2A08-4499-8DB4-6133F98BFBFA}.Release|Any CPU.Build.0 = Release|Any CPU
		{D01A9553-3029-4AA0-BF22-86DDD07A20A4}.Debug|Any CPU.ActiveCfg = Debug|Any CPU
		{D01A9553-3029-4AA0-BF22-86DDD07A20A4}.Debug|Any CPU.Build.0 = Debug|Any CPU
		{D01A9553-3029-4AA0-BF22-86DDD07A20A4}.Release|Any CPU.ActiveCfg = Release|Any CPU
		{D01A9553-3029-4AA0-BF22-86DDD07A20A4}.Release|Any CPU.Build.0 = Release|Any CPU
	EndGlobalSection
	GlobalSection(SolutionProperties) = preSolution
		HideSolutionNode = FALSE
	EndGlobalSection
	GlobalSection(NestedProjects) = preSolution
		{A5D67AE6-2A08-4499-8DB4-6133F98BFBFA} = {27F1ABDA-5C14-4104-B761-E3492BD230D6}
		{D01A9553-3029-4AA0-BF22-86DDD07A20A4} = {27F1ABDA-5C14-4104-B761-E3492BD230D6}
	EndGlobalSection
	GlobalSection(ExtensibilityGlobals) = postSolution
		SolutionGuid = {43863058-379F-4398-818D-059A149E2055}
	EndGlobalSection
EndGlobal
