
Microsoft Visual Studio Solution File, Format Version 12.00
# Visual Studio 15
VisualStudioVersion = 15.0.26430.13
MinimumVisualStudioVersion = 10.0.40219.1
Project("{9A19103F-16F7-4668-BE54-9A1E7A4F7556}") = "RepoDb", "RepoDb\RepoDb.csproj", "{848A3476-B319-4BCC-A9CB-572182785B58}"
EndProject
Project("{2150E333-8FDC-42A3-9474-1A3956D46DE8}") = "RepoDb.Tests", "RepoDb.Tests", "{23978120-52E6-40DB-8EDA-877308C54DC3}"
EndProject
Project("{FAE04EC0-301F-11D3-BF4B-00C04F79EFBC}") = "RepoDb.UnitTests", "RepoDb.Tests\RepoDb.UnitTests\RepoDb.UnitTests.csproj", "{8CC843E8-76C2-44A3-9A6B-7EB5D5F5AC39}"
EndProject
Global
	GlobalSection(SolutionConfigurationPlatforms) = preSolution
		Debug|Any CPU = Debug|Any CPU
		Release|Any CPU = Release|Any CPU
	EndGlobalSection
	GlobalSection(ProjectConfigurationPlatforms) = postSolution
		{848A3476-B319-4BCC-A9CB-572182785B58}.Debug|Any CPU.ActiveCfg = Debug|Any CPU
		{848A3476-B319-4BCC-A9CB-572182785B58}.Debug|Any CPU.Build.0 = Debug|Any CPU
		{848A3476-B319-4BCC-A9CB-572182785B58}.Release|Any CPU.ActiveCfg = Release|Any CPU
		{848A3476-B319-4BCC-A9CB-572182785B58}.Release|Any CPU.Build.0 = Release|Any CPU
		{8CC843E8-76C2-44A3-9A6B-7EB5D5F5AC39}.Debug|Any CPU.ActiveCfg = Debug|Any CPU
		{8CC843E8-76C2-44A3-9A6B-7EB5D5F5AC39}.Debug|Any CPU.Build.0 = Debug|Any CPU
		{8CC843E8-76C2-44A3-9A6B-7EB5D5F5AC39}.Release|Any CPU.ActiveCfg = Release|Any CPU
		{8CC843E8-76C2-44A3-9A6B-7EB5D5F5AC39}.Release|Any CPU.Build.0 = Release|Any CPU
	EndGlobalSection
	GlobalSection(SolutionProperties) = preSolution
		HideSolutionNode = FALSE
	EndGlobalSection
	GlobalSection(NestedProjects) = preSolution
		{8CC843E8-76C2-44A3-9A6B-7EB5D5F5AC39} = {23978120-52E6-40DB-8EDA-877308C54DC3}
	EndGlobalSection
EndGlobal
