
Microsoft Visual Studio Solution File, Format Version 12.00
# Visual Studio 15
VisualStudioVersion = 15.0.26430.13
MinimumVisualStudioVersion = 10.0.40219.1
Project("{9A19103F-16F7-4668-BE54-9A1E7A4F7556}") = "RepoDb", "RepoDb\RepoDb.csproj", "{848A3476-B319-4BCC-A9CB-572182785B58}"
EndProject
Project("{2150E333-8FDC-42A3-9474-1A3956D46DE8}") = "RepoDb.Tests", "RepoDb.Tests", "{23978120-52E6-40DB-8EDA-877308C54DC3}"
EndProject
Project("{9A19103F-16F7-4668-BE54-9A1E7A4F7556}") = "RepoDb.UnitTests", "RepoDb.Tests\RepoDb.UnitTests\RepoDb.UnitTests.csproj", "{668D001B-DD5C-4183-ABCC-D7316B298EFB}"
EndProject
Project("{9A19103F-16F7-4668-BE54-9A1E7A4F7556}") = "RepoDb.IntegrationTests", "RepoDb.Tests\RepoDb.IntegrationTests\RepoDb.IntegrationTests.csproj", "{0B22F8D2-D059-49B4-8481-46D0C5612C1F}"
EndProject
Global
	GlobalSection(SolutionConfigurationPlatforms) = preSolution
		Debug|Any CPU = Debug|Any CPU
		Release|Any CPU = Release|Any CPU
	EndGlobalSection
	GlobalSection(ProjectConfigurationPlatforms) = postSolution
		{848A3476-B319-4BCC-A9CB-572182785B58}.Debug|Any CPU.ActiveCfg = Debug|Any CPU
		{848A3476-B319-4BCC-A9CB-572182785B58}.Debug|Any CPU.Build.0 = Debug|Any CPU
		{848A3476-B319-4BCC-A9CB-572182785B58}.Release|Any CPU.ActiveCfg = Release|Any CPU
		{848A3476-B319-4BCC-A9CB-572182785B58}.Release|Any CPU.Build.0 = Release|Any CPU
		{668D001B-DD5C-4183-ABCC-D7316B298EFB}.Debug|Any CPU.ActiveCfg = Debug|Any CPU
		{668D001B-DD5C-4183-ABCC-D7316B298EFB}.Debug|Any CPU.Build.0 = Debug|Any CPU
		{668D001B-DD5C-4183-ABCC-D7316B298EFB}.Release|Any CPU.ActiveCfg = Release|Any CPU
		{668D001B-DD5C-4183-ABCC-D7316B298EFB}.Release|Any CPU.Build.0 = Release|Any CPU
		{0B22F8D2-D059-49B4-8481-46D0C5612C1F}.Debug|Any CPU.ActiveCfg = Debug|Any CPU
		{0B22F8D2-D059-49B4-8481-46D0C5612C1F}.Debug|Any CPU.Build.0 = Debug|Any CPU
		{0B22F8D2-D059-49B4-8481-46D0C5612C1F}.Release|Any CPU.ActiveCfg = Release|Any CPU
		{0B22F8D2-D059-49B4-8481-46D0C5612C1F}.Release|Any CPU.Build.0 = Release|Any CPU
	EndGlobalSection
	GlobalSection(SolutionProperties) = preSolution
		HideSolutionNode = FALSE
	EndGlobalSection
	GlobalSection(NestedProjects) = preSolution
		{668D001B-DD5C-4183-ABCC-D7316B298EFB} = {23978120-52E6-40DB-8EDA-877308C54DC3}
		{0B22F8D2-D059-49B4-8481-46D0C5612C1F} = {23978120-52E6-40DB-8EDA-877308C54DC3}
	EndGlobalSection
	GlobalSection(ExtensibilityGlobals) = postSolution
		SolutionGuid = {D15A7161-5524-45B7-A22A-EA6C877AA840}
	EndGlobalSection
EndGlobal
