
Microsoft Visual Studio Solution File, Format Version 12.00
# Visual Studio 15
VisualStudioVersion = 15.0.27703.2042
MinimumVisualStudioVersion = 10.0.40219.1
Project("{FAE04EC0-301F-11D3-BF4B-00C04F79EFBC}") = "CompareCastingAndGetHashCoding", "CompareCastingAndGetHashCoding\CompareCastingAndGetHashCoding.csproj", "{5827403A-CD35-42E3-A26B-E1C3D1A28D2D}"
EndProject
Global
	GlobalSection(SolutionConfigurationPlatforms) = preSolution
		Debug|Any CPU = Debug|Any CPU
		Release|Any CPU = Release|Any CPU
	EndGlobalSection
	GlobalSection(ProjectConfigurationPlatforms) = postSolution
		{5827403A-CD35-42E3-A26B-E1C3D1A28D2D}.Debug|Any CPU.ActiveCfg = Debug|Any CPU
		{5827403A-CD35-42E3-A26B-E1C3D1A28D2D}.Debug|Any CPU.Build.0 = Debug|Any CPU
		{5827403A-CD35-42E3-A26B-E1C3D1A28D2D}.Release|Any CPU.ActiveCfg = Release|Any CPU
		{5827403A-CD35-42E3-A26B-E1C3D1A28D2D}.Release|Any CPU.Build.0 = Release|Any CPU
	EndGlobalSection
	GlobalSection(SolutionProperties) = preSolution
		HideSolutionNode = FALSE
	EndGlobalSection
	GlobalSection(ExtensibilityGlobals) = postSolution
		SolutionGuid = {317885F3-EA07-45BE-A8D8-E979BE80154D}
	EndGlobalSection
EndGlobal
