<Solution>
  <Configurations>
    <Platform Name="Any CPU" />
    <Platform Name="x64" />
    <Platform Name="x86" />
  </Configurations>
  <Project Path="../../Providers/RepoDb.Core/RepoDb/RepoDb.csproj" />
  <Project Path="../../Providers/RepoDb.Sqlite.Microsoft/RepoDb.Sqlite.Microsoft/RepoDb.Sqlite.Microsoft.csproj" />
  <Project Path="../RepoDb.Schema.Core/RepoDb.Schema.Core/RepoDb.Schema.Core.csproj" />
  <Project Path="RepoDb.Schema.Sqlite.Microsoft/RepoDb.Schema.Sqlite.Microsoft.csproj" />
  <Project Path="RepoDb.Schema.Sqlite.Microsoft.UnitTests/RepoDb.Schema.Sqlite.Microsoft.UnitTests.csproj" />
  <Project Path="RepoDb.Schema.Sqlite.Microsoft.IntegrationTests/RepoDb.Schema.Sqlite.Microsoft.IntegrationTests.csproj" />
</Solution>
