
Microsoft Visual Studio Solution File, Format Version 12.00
# Visual Studio 15
VisualStudioVersion = 15.0.27703.2042
MinimumVisualStudioVersion = 10.0.40219.1
Project("{9A19103F-16F7-4668-BE54-9A1E7A4F7556}") = "RepoDb", "..\RepoDb\RepoDb\RepoDb.csproj", "{B567EBFD-F0DC-40D7-9B09-6695A326E9C6}"
EndProject
Project("{2150E333-8FDC-42A3-9474-1A3956D46DE8}") = "RepoDb.Base", "RepoDb.Base", "{FBA086B1-2EDE-4C8B-B3FD-D25EBD8C9465}"
	ProjectSection(SolutionItems) = preProject
		README.md = README.md
	EndProjectSection
EndProject
Global
	GlobalSection(SolutionConfigurationPlatforms) = preSolution
		Debug|Any CPU = Debug|Any CPU
		Release|Any CPU = Release|Any CPU
	EndGlobalSection
	GlobalSection(ProjectConfigurationPlatforms) = postSolution
		{B567EBFD-F0DC-40D7-9B09-6695A326E9C6}.Debug|Any CPU.ActiveCfg = Debug|Any CPU
		{B567EBFD-F0DC-40D7-9B09-6695A326E9C6}.Debug|Any CPU.Build.0 = Debug|Any CPU
		{B567EBFD-F0DC-40D7-9B09-6695A326E9C6}.Release|Any CPU.ActiveCfg = Release|Any CPU
		{B567EBFD-F0DC-40D7-9B09-6695A326E9C6}.Release|Any CPU.Build.0 = Release|Any CPU
	EndGlobalSection
	GlobalSection(SolutionProperties) = preSolution
		HideSolutionNode = FALSE
	EndGlobalSection
	GlobalSection(ExtensibilityGlobals) = postSolution
		SolutionGuid = {DB91B409-9CD2-4966-B0F9-802DA2BD02B6}
	EndGlobalSection
EndGlobal
