
Microsoft Visual Studio Solution File, Format Version 12.00
# Visual Studio 15
VisualStudioVersion = 15.0.27703.2042
MinimumVisualStudioVersion = 10.0.40219.1
Project("{FAE04EC0-301F-11D3-BF4B-00C04F79EFBC}") = "CompareReflectionPeformance", "CompareReflectionPeformance\CompareReflectionPeformance.csproj", "{6A827D81-F6BC-4140-8435-B7BDB440A3F2}"
EndProject
Global
	GlobalSection(SolutionConfigurationPlatforms) = preSolution
		Debug|Any CPU = Debug|Any CPU
		Release|Any CPU = Release|Any CPU
	EndGlobalSection
	GlobalSection(ProjectConfigurationPlatforms) = postSolution
		{6A827D81-F6BC-4140-8435-B7BDB440A3F2}.Debug|Any CPU.ActiveCfg = Debug|Any CPU
		{6A827D81-F6BC-4140-8435-B7BDB440A3F2}.Debug|Any CPU.Build.0 = Debug|Any CPU
		{6A827D81-F6BC-4140-8435-B7BDB440A3F2}.Release|Any CPU.ActiveCfg = Release|Any CPU
		{6A827D81-F6BC-4140-8435-B7BDB440A3F2}.Release|Any CPU.Build.0 = Release|Any CPU
	EndGlobalSection
	GlobalSection(SolutionProperties) = preSolution
		HideSolutionNode = FALSE
	EndGlobalSection
	GlobalSection(ExtensibilityGlobals) = postSolution
		SolutionGuid = {23183724-01BC-48A3-87C1-DB694E922D49}
	EndGlobalSection
EndGlobal
