
Microsoft Visual Studio Solution File, Format Version 12.00
# Visual Studio Version 16
VisualStudioVersion = 16.0.29709.97
MinimumVisualStudioVersion = 10.0.40219.1
Project("{9A19103F-16F7-4668-BE54-9A1E7A4F7556}") = "RepoDb.PostgreSql.BulkOperations", "RepoDb.PostgreSql.BulkOperations\RepoDb.PostgreSql.BulkOperations.csproj", "{CF8E22D7-E51A-4D03-AFC8-71CBF8913A2A}"
EndProject
Project("{9A19103F-16F7-4668-BE54-9A1E7A4F7556}") = "RepoDb", "..\..\RepoDb.Core\RepoDb\RepoDb.csproj", "{F0324254-1615-47AB-AD26-D4A78556C9B0}"
EndProject
Project("{2150E333-8FDC-42A3-9474-1A3956D46DE8}") = "RepoDb.PostgreSql.BulkOperations.Tests", "RepoDb.PostgreSql.BulkOperations.Tests", "{855A00F9-E6E4-4E91-A73A-79252AC16F4B}"
EndProject
Project("{2150E333-8FDC-42A3-9474-1A3956D46DE8}") = "RepoDb.PostgreSql.BulkOperations.Base", "RepoDb.PostgreSql.BulkOperations.Base", "{81267401-4E0F-4E55-BCEB-FB3E38C5620B}"
	ProjectSection(SolutionItems) = preProject
		README.md = README.md
	EndProjectSection
EndProject
Project("{9A19103F-16F7-4668-BE54-9A1E7A4F7556}") = "RepoDb.PostgreSql", "..\..\RepoDb.PostgreSql\RepoDb.PostgreSql\RepoDb.PostgreSql.csproj", "{C79B54D5-6D34-40D8-8DDE-09DBFE5F47F3}"
EndProject
Project("{9A19103F-16F7-4668-BE54-9A1E7A4F7556}") = "RepoDb.PostgreSql.BulkOperations.IntegrationTests", "RepoDb.PostgreSql.BulkOperations.IntegrationTests\RepoDb.PostgreSql.BulkOperations.IntegrationTests.csproj", "{5559DABE-3569-4289-8996-49922AFD8EF7}"
EndProject
Global
	GlobalSection(SolutionConfigurationPlatforms) = preSolution
		Debug|Any CPU = Debug|Any CPU
		Release|Any CPU = Release|Any CPU
	EndGlobalSection
	GlobalSection(ProjectConfigurationPlatforms) = postSolution
		{CF8E22D7-E51A-4D03-AFC8-71CBF8913A2A}.Debug|Any CPU.ActiveCfg = Debug|Any CPU
		{CF8E22D7-E51A-4D03-AFC8-71CBF8913A2A}.Debug|Any CPU.Build.0 = Debug|Any CPU
		{CF8E22D7-E51A-4D03-AFC8-71CBF8913A2A}.Release|Any CPU.ActiveCfg = Release|Any CPU
		{CF8E22D7-E51A-4D03-AFC8-71CBF8913A2A}.Release|Any CPU.Build.0 = Release|Any CPU
		{F0324254-1615-47AB-AD26-D4A78556C9B0}.Debug|Any CPU.ActiveCfg = Debug|Any CPU
		{F0324254-1615-47AB-AD26-D4A78556C9B0}.Debug|Any CPU.Build.0 = Debug|Any CPU
		{F0324254-1615-47AB-AD26-D4A78556C9B0}.Release|Any CPU.ActiveCfg = Release|Any CPU
		{F0324254-1615-47AB-AD26-D4A78556C9B0}.Release|Any CPU.Build.0 = Release|Any CPU
		{C79B54D5-6D34-40D8-8DDE-09DBFE5F47F3}.Debug|Any CPU.ActiveCfg = Debug|Any CPU
		{C79B54D5-6D34-40D8-8DDE-09DBFE5F47F3}.Debug|Any CPU.Build.0 = Debug|Any CPU
		{C79B54D5-6D34-40D8-8DDE-09DBFE5F47F3}.Release|Any CPU.ActiveCfg = Release|Any CPU
		{C79B54D5-6D34-40D8-8DDE-09DBFE5F47F3}.Release|Any CPU.Build.0 = Release|Any CPU
		{5559DABE-3569-4289-8996-49922AFD8EF7}.Debug|Any CPU.ActiveCfg = Debug|Any CPU
		{5559DABE-3569-4289-8996-49922AFD8EF7}.Debug|Any CPU.Build.0 = Debug|Any CPU
		{5559DABE-3569-4289-8996-49922AFD8EF7}.Release|Any CPU.ActiveCfg = Release|Any CPU
		{5559DABE-3569-4289-8996-49922AFD8EF7}.Release|Any CPU.Build.0 = Release|Any CPU
	EndGlobalSection
	GlobalSection(SolutionProperties) = preSolution
		HideSolutionNode = FALSE
	EndGlobalSection
	GlobalSection(NestedProjects) = preSolution
		{5559DABE-3569-4289-8996-49922AFD8EF7} = {855A00F9-E6E4-4E91-A73A-79252AC16F4B}
	EndGlobalSection
	GlobalSection(ExtensibilityGlobals) = postSolution
		SolutionGuid = {D1EC881D-7541-4E93-B612-7871A008CC04}
	EndGlobalSection
EndGlobal
