<Solution>
  <Configurations>
    <Platform Name="Any CPU" />
    <Platform Name="x64" />
    <Platform Name="x86" />
  </Configurations>
  <Project Path="../../Providers/RepoDb.Core/RepoDb/RepoDb.csproj" />
  <Project Path="../../Providers/RepoDb.Firebird/RepoDb.Firebird/RepoDb.Firebird.csproj" />
  <Project Path="../RepoDb.Schema.Core/RepoDb.Schema.Core/RepoDb.Schema.Core.csproj" />
  <Project Path="RepoDb.Schema.Firebird/RepoDb.Schema.Firebird.csproj" />
  <Project Path="RepoDb.Schema.Firebird.UnitTests/RepoDb.Schema.Firebird.UnitTests.csproj" />
  <Project Path="RepoDb.Schema.Firebird.IntegrationTests/RepoDb.Schema.Firebird.IntegrationTests.csproj" />
</Solution>
