<Solution>
  <Configurations>
    <Platform Name="Any CPU" />
    <Platform Name="x64" />
    <Platform Name="x86" />
  </Configurations>
  <Project Path="../../Providers/RepoDb.Core/RepoDb/RepoDb.csproj" />
  <Project Path="../../Providers/RepoDb.SqlServer/RepoDb.SqlServer/RepoDb.SqlServer.csproj" />
  <Project Path="../RepoDb.Schema.Core/RepoDb.Schema.Core/RepoDb.Schema.Core.csproj" />
  <Project Path="RepoDb.Schema.SqlServer/RepoDb.Schema.SqlServer.csproj" />
  <Project Path="RepoDb.Schema.SqlServer.UnitTests/RepoDb.Schema.SqlServer.UnitTests.csproj" />
  <Project Path="RepoDb.Schema.SqlServer.IntegrationTests/RepoDb.Schema.SqlServer.IntegrationTests.csproj" />
</Solution>
