
Microsoft Visual Studio Solution File, Format Version 12.00
# Visual Studio 15
VisualStudioVersion = 15.0.28307.421
MinimumVisualStudioVersion = 10.0.40219.1
Project("{9A19103F-16F7-4668-BE54-9A1E7A4F7556}") = "SqlDbParameterPerformanceNetCore", "SqlDbParameterPerformanceNetCore\SqlDbParameterPerformanceNetCore.csproj", "{B3626142-A367-4E70-BE0F-6A50C7E60B43}"
EndProject
Global
	GlobalSection(SolutionConfigurationPlatforms) = preSolution
		Debug|Any CPU = Debug|Any CPU
		Release|Any CPU = Release|Any CPU
	EndGlobalSection
	GlobalSection(ProjectConfigurationPlatforms) = postSolution
		{B3626142-A367-4E70-BE0F-6A50C7E60B43}.Debug|Any CPU.ActiveCfg = Debug|Any CPU
		{B3626142-A367-4E70-BE0F-6A50C7E60B43}.Debug|Any CPU.Build.0 = Debug|Any CPU
		{B3626142-A367-4E70-BE0F-6A50C7E60B43}.Release|Any CPU.ActiveCfg = Release|Any CPU
		{B3626142-A367-4E70-BE0F-6A50C7E60B43}.Release|Any CPU.Build.0 = Release|Any CPU
	EndGlobalSection
	GlobalSection(SolutionProperties) = preSolution
		HideSolutionNode = FALSE
	EndGlobalSection
	GlobalSection(ExtensibilityGlobals) = postSolution
		SolutionGuid = {58DCA099-A575-4252-992F-07C9F39352ED}
	EndGlobalSection
EndGlobal
