
Microsoft Visual Studio Solution File, Format Version 12.00
# Visual Studio 15
VisualStudioVersion = 15.0.27703.2042
MinimumVisualStudioVersion = 10.0.40219.1
Project("{FAE04EC0-301F-11D3-BF4B-00C04F79EFBC}") = "RepoDb.SqLite", "RepoDb.SqLite\RepoDb.SqLite.csproj", "{A550C9AD-3912-419E-A503-89F2DB8CC5D7}"
EndProject
Project("{2150E333-8FDC-42A3-9474-1A3956D46DE8}") = "RepoDb.SqLite.Tests", "RepoDb.SqLite.Tests", "{851A17B3-05FE-4D27-BD31-4E68369DBCE5}"
EndProject
Project("{FAE04EC0-301F-11D3-BF4B-00C04F79EFBC}") = "RepoDb.SqLite.IntegrationTests", "RepoDb.SqLite.Tests\RepoDb.SqLite.IntegrationTests\RepoDb.SqLite.IntegrationTests.csproj", "{0DCC4372-9C3D-4B47-8C54-D33035F5BF37}"
EndProject
Project("{FAE04EC0-301F-11D3-BF4B-00C04F79EFBC}") = "RepoDb.SqLite.UnitTests", "RepoDb.SqLite.Tests\RepoDb.SqLite.UnitTests\RepoDb.SqLite.UnitTests.csproj", "{C238350E-23FA-4B43-A90F-78AF2BFBDE9C}"
EndProject
Global
	GlobalSection(SolutionConfigurationPlatforms) = preSolution
		Debug|Any CPU = Debug|Any CPU
		Release|Any CPU = Release|Any CPU
	EndGlobalSection
	GlobalSection(ProjectConfigurationPlatforms) = postSolution
		{A550C9AD-3912-419E-A503-89F2DB8CC5D7}.Debug|Any CPU.ActiveCfg = Debug|Any CPU
		{A550C9AD-3912-419E-A503-89F2DB8CC5D7}.Debug|Any CPU.Build.0 = Debug|Any CPU
		{A550C9AD-3912-419E-A503-89F2DB8CC5D7}.Release|Any CPU.ActiveCfg = Release|Any CPU
		{A550C9AD-3912-419E-A503-89F2DB8CC5D7}.Release|Any CPU.Build.0 = Release|Any CPU
		{0DCC4372-9C3D-4B47-8C54-D33035F5BF37}.Debug|Any CPU.ActiveCfg = Debug|Any CPU
		{0DCC4372-9C3D-4B47-8C54-D33035F5BF37}.Debug|Any CPU.Build.0 = Debug|Any CPU
		{0DCC4372-9C3D-4B47-8C54-D33035F5BF37}.Release|Any CPU.ActiveCfg = Release|Any CPU
		{0DCC4372-9C3D-4B47-8C54-D33035F5BF37}.Release|Any CPU.Build.0 = Release|Any CPU
		{C238350E-23FA-4B43-A90F-78AF2BFBDE9C}.Debug|Any CPU.ActiveCfg = Debug|Any CPU
		{C238350E-23FA-4B43-A90F-78AF2BFBDE9C}.Debug|Any CPU.Build.0 = Debug|Any CPU
		{C238350E-23FA-4B43-A90F-78AF2BFBDE9C}.Release|Any CPU.ActiveCfg = Release|Any CPU
		{C238350E-23FA-4B43-A90F-78AF2BFBDE9C}.Release|Any CPU.Build.0 = Release|Any CPU
	EndGlobalSection
	GlobalSection(SolutionProperties) = preSolution
		HideSolutionNode = FALSE
	EndGlobalSection
	GlobalSection(NestedProjects) = preSolution
		{0DCC4372-9C3D-4B47-8C54-D33035F5BF37} = {851A17B3-05FE-4D27-BD31-4E68369DBCE5}
		{C238350E-23FA-4B43-A90F-78AF2BFBDE9C} = {851A17B3-05FE-4D27-BD31-4E68369DBCE5}
	EndGlobalSection
	GlobalSection(ExtensibilityGlobals) = postSolution
		SolutionGuid = {6E8EB079-E3D8-4EF0-B50F-1246067DE2F3}
	EndGlobalSection
EndGlobal
