Microsoft Visual Studio Solution File, Format Version 12.00
# Visual Studio Version 18
VisualStudioVersion = 18.7.11911.148
MinimumVisualStudioVersion = 10.0.40219.1
Project("{9A19103F-16F7-4668-BE54-9A1E7A4F7556}") = "RepoDb.SqlServer", "..\..\Providers\RepoDb.SqlServer\RepoDb.SqlServer\RepoDb.SqlServer.csproj", "{6D196ABF-4A38-43C1-8D31-2C5CECC0F2AF}"
EndProject
Project("{9A19103F-16F7-4668-BE54-9A1E7A4F7556}") = "RepoDb", "..\..\Providers\RepoDb.Core\RepoDb\RepoDb.csproj", "{9313409F-467E-40D7-874E-9105BBDDFA53}"
EndProject
Project("{9A19103F-16F7-4668-BE54-9A1E7A4F7556}") = "RepoDb.SqlServer.BulkOperations", "..\..\Providers\RepoDb.SqlServer.BulkOperations\RepoDb.SqlServer.BulkOperations\RepoDb.SqlServer.BulkOperations.csproj", "{4B11CD99-AF04-415B-99FF-E52278CFA7FC}"
EndProject
Project("{FAE04EC0-301F-11D3-BF4B-00C04F79EFBC}") = "RepoDb.PostgreSql", "..\..\Providers\RepoDb.PostgreSql\RepoDb.PostgreSql\RepoDb.PostgreSql.csproj", "{6DC2760A-B41C-459A-8ABB-867F03B90AEC}"
EndProject
Project("{FAE04EC0-301F-11D3-BF4B-00C04F79EFBC}") = "RepoDb.Benchmarks.SqlServer", "RepoDb.Benchmarks.SqlServer\RepoDb.Benchmarks.SqlServer.csproj", "{C387EF36-8ED2-4056-94A0-F3347D681F56}"
EndProject
Project("{FAE04EC0-301F-11D3-BF4B-00C04F79EFBC}") = "RepoDb.Benchmarks.PostgreSql", "RepoDb.Benchmarks.PostgreSql\RepoDb.Benchmarks.PostgreSql.csproj", "{3180EF0C-01C0-4F8E-8AED-C605461CC393}"
EndProject
Project("{2150E333-8FDC-42A3-9474-1A3956D46DE8}") = "Benchmarks", "Benchmarks", "{11557363-B92A-4C24-8D03-80FE7219704A}"
EndProject
Project("{2150E333-8FDC-42A3-9474-1A3956D46DE8}") = "Core", "Core", "{170EB4D0-4042-4AAD-9511-2E2DBD1B2E65}"
EndProject
Project("{2150E333-8FDC-42A3-9474-1A3956D46DE8}") = "DbProviders", "DbProviders", "{DFC5265D-6BEC-4073-9302-4F9FF6319C02}"
EndProject
Project("{FAE04EC0-301F-11D3-BF4B-00C04F79EFBC}") = "RepoDb.Benchmarks.Core", "RepoDb.Benchmarks.Core\RepoDb.Benchmarks.Core.csproj", "{57BF6CD9-29F6-0A1A-56FA-C832000B45EF}"
EndProject
Project("{FAE04EC0-301F-11D3-BF4B-00C04F79EFBC}") = "RepoDb.Benchmarks.MySql", "RepoDb.Benchmarks.MySql\RepoDb.Benchmarks.MySql.csproj", "{5817245D-929C-E5F3-1CAD-44730B7066FB}"
EndProject
Project("{FAE04EC0-301F-11D3-BF4B-00C04F79EFBC}") = "RepoDb.MySql", "..\..\Providers\RepoDb.MySql\RepoDb.MySql\RepoDb.MySql.csproj", "{D9BC7ACA-33A7-9DF7-120C-ED8F3C5DDC41}"
EndProject
Project("{FAE04EC0-301F-11D3-BF4B-00C04F79EFBC}") = "RepoDb.MySql.BulkOperations", "..\..\Providers\RepoDb.MySql.BulkOperations\RepoDb.MySql.BulkOperations\RepoDb.MySql.BulkOperations.csproj", "{0BE98D4E-5715-7564-A3FB-0E351F6911E4}"
EndProject
Project("{FAE04EC0-301F-11D3-BF4B-00C04F79EFBC}") = "RepoDb.Benchmarks.Oracle", "RepoDb.Benchmarks.Oracle\RepoDb.Benchmarks.Oracle.csproj", "{394AD70B-357F-4EEA-BC5B-D24CF6B407E0}"
EndProject
Project("{FAE04EC0-301F-11D3-BF4B-00C04F79EFBC}") = "RepoDb.Oracle", "..\..\Providers\RepoDb.Oracle\RepoDb.Oracle\RepoDb.Oracle.csproj", "{C94260C2-DA26-4C1B-A619-D9BAFB91F0D9}"
EndProject
Project("{FAE04EC0-301F-11D3-BF4B-00C04F79EFBC}") = "RepoDb.Oracle.BulkOperations", "..\..\Providers\RepoDb.Oracle.BulkOperations\RepoDb.Oracle.BulkOperations\RepoDb.Oracle.BulkOperations.csproj", "{100102A1-4134-41FC-82A1-308E0A21769B}"
EndProject
Project("{FAE04EC0-301F-11D3-BF4B-00C04F79EFBC}") = "RepoDb.PostgreSql.BulkOperations", "..\..\Providers\RepoDb.PostgreSql.BulkOperations\RepoDb.PostgreSql.BulkOperations\RepoDb.PostgreSql.BulkOperations.csproj", "{E6E7E09B-19B0-A434-6097-AC7943F8DAA2}"
EndProject
Project("{FAE04EC0-301F-11D3-BF4B-00C04F79EFBC}") = "RepoDb.Benchmarks.MySqlConnector", "RepoDb.Benchmarks.MySqlConnector\RepoDb.Benchmarks.MySqlConnector.csproj", "{4755D6CC-D12A-49D3-8DDD-C3216978F21E}"
EndProject
Project("{FAE04EC0-301F-11D3-BF4B-00C04F79EFBC}") = "RepoDb.MySqlConnector", "..\..\Providers\RepoDb.MySqlConnector\RepoDb.MySqlConnector\RepoDb.MySqlConnector.csproj", "{4E6D2570-DCC1-49A4-A5D4-3C1789B89D9F}"
EndProject
Project("{FAE04EC0-301F-11D3-BF4B-00C04F79EFBC}") = "RepoDb.MySqlConnector.BulkOperations", "..\..\Providers\RepoDb.MySqlConnector.BulkOperations\RepoDb.MySqlConnector.BulkOperations\RepoDb.MySqlConnector.BulkOperations.csproj", "{E6ED5B90-7332-41E2-BA5D-45906A3CBA00}"
EndProject
Project("{FAE04EC0-301F-11D3-BF4B-00C04F79EFBC}") = "RepoDb.Benchmarks.MariaDb", "RepoDb.Benchmarks.MariaDb\RepoDb.Benchmarks.MariaDb.csproj", "{D6D9D6B7-4EEF-4558-BB1C-7D305F974F90}"
EndProject
Project("{FAE04EC0-301F-11D3-BF4B-00C04F79EFBC}") = "RepoDb.MariaDb", "..\..\Providers\RepoDb.MariaDb\RepoDb.MariaDb\RepoDb.MariaDb.csproj", "{56636F57-3891-4745-9A35-A2CA80236663}"
EndProject
Project("{FAE04EC0-301F-11D3-BF4B-00C04F79EFBC}") = "RepoDb.MariaDb.BulkOperations", "..\..\Providers\RepoDb.MariaDb.BulkOperations\RepoDb.MariaDb.BulkOperations\RepoDb.MariaDb.BulkOperations.csproj", "{F952B62C-2D14-4A21-8270-BA79A20B823B}"
EndProject
Project("{FAE04EC0-301F-11D3-BF4B-00C04F79EFBC}") = "RepoDb.Benchmarks.MariaDbConnector", "RepoDb.Benchmarks.MariaDbConnector\RepoDb.Benchmarks.MariaDbConnector.csproj", "{B2698931-77AF-4E32-B833-0754297F120E}"
EndProject
Project("{FAE04EC0-301F-11D3-BF4B-00C04F79EFBC}") = "RepoDb.MariaDbConnector", "..\..\Providers\RepoDb.MariaDbConnector\RepoDb.MariaDbConnector\RepoDb.MariaDbConnector.csproj", "{1BA5A02C-12ED-4689-940E-20A71818FC53}"
EndProject
Project("{FAE04EC0-301F-11D3-BF4B-00C04F79EFBC}") = "RepoDb.MariaDbConnector.BulkOperations", "..\..\Providers\RepoDb.MariaDbConnector.BulkOperations\RepoDb.MariaDbConnector.BulkOperations\RepoDb.MariaDbConnector.BulkOperations.csproj", "{27206F43-DDD2-4348-9B56-6E5E3239958C}"
EndProject
Project("{FAE04EC0-301F-11D3-BF4B-00C04F79EFBC}") = "RepoDb.Benchmarks.Db2", "RepoDb.Benchmarks.Db2\RepoDb.Benchmarks.Db2.csproj", "{EDA34BF2-ACED-4690-8CC6-65BF2CC700F2}"
EndProject
Project("{FAE04EC0-301F-11D3-BF4B-00C04F79EFBC}") = "RepoDb.Db2", "..\..\Providers\RepoDb.Db2\RepoDb.Db2\RepoDb.Db2.csproj", "{02ABC980-DC7B-4F95-B0A7-582716ABCAAE}"
EndProject
Project("{FAE04EC0-301F-11D3-BF4B-00C04F79EFBC}") = "RepoDb.Db2.BulkOperations", "..\..\Providers\RepoDb.Db2.BulkOperations\RepoDb.Db2.BulkOperations\RepoDb.Db2.BulkOperations.csproj", "{985EAA89-D057-47F8-B217-058C997A5C3C}"
EndProject
Global
	GlobalSection(SolutionConfigurationPlatforms) = preSolution
		Debug|Any CPU = Debug|Any CPU
		Release|Any CPU = Release|Any CPU
	EndGlobalSection
	GlobalSection(ProjectConfigurationPlatforms) = postSolution
		{6D196ABF-4A38-43C1-8D31-2C5CECC0F2AF}.Debug|Any CPU.ActiveCfg = Debug|Any CPU
		{6D196ABF-4A38-43C1-8D31-2C5CECC0F2AF}.Debug|Any CPU.Build.0 = Debug|Any CPU
		{6D196ABF-4A38-43C1-8D31-2C5CECC0F2AF}.Release|Any CPU.ActiveCfg = Release|Any CPU
		{6D196ABF-4A38-43C1-8D31-2C5CECC0F2AF}.Release|Any CPU.Build.0 = Release|Any CPU
		{9313409F-467E-40D7-874E-9105BBDDFA53}.Debug|Any CPU.ActiveCfg = Debug|Any CPU
		{9313409F-467E-40D7-874E-9105BBDDFA53}.Debug|Any CPU.Build.0 = Debug|Any CPU
		{9313409F-467E-40D7-874E-9105BBDDFA53}.Release|Any CPU.ActiveCfg = Release|Any CPU
		{9313409F-467E-40D7-874E-9105BBDDFA53}.Release|Any CPU.Build.0 = Release|Any CPU
		{4B11CD99-AF04-415B-99FF-E52278CFA7FC}.Debug|Any CPU.ActiveCfg = Debug|Any CPU
		{4B11CD99-AF04-415B-99FF-E52278CFA7FC}.Debug|Any CPU.Build.0 = Debug|Any CPU
		{4B11CD99-AF04-415B-99FF-E52278CFA7FC}.Release|Any CPU.ActiveCfg = Release|Any CPU
		{4B11CD99-AF04-415B-99FF-E52278CFA7FC}.Release|Any CPU.Build.0 = Release|Any CPU
		{6DC2760A-B41C-459A-8ABB-867F03B90AEC}.Debug|Any CPU.ActiveCfg = Debug|Any CPU
		{6DC2760A-B41C-459A-8ABB-867F03B90AEC}.Debug|Any CPU.Build.0 = Debug|Any CPU
		{6DC2760A-B41C-459A-8ABB-867F03B90AEC}.Release|Any CPU.ActiveCfg = Release|Any CPU
		{6DC2760A-B41C-459A-8ABB-867F03B90AEC}.Release|Any CPU.Build.0 = Release|Any CPU
		{C387EF36-8ED2-4056-94A0-F3347D681F56}.Debug|Any CPU.ActiveCfg = Debug|Any CPU
		{C387EF36-8ED2-4056-94A0-F3347D681F56}.Debug|Any CPU.Build.0 = Debug|Any CPU
		{C387EF36-8ED2-4056-94A0-F3347D681F56}.Release|Any CPU.ActiveCfg = Release|Any CPU
		{C387EF36-8ED2-4056-94A0-F3347D681F56}.Release|Any CPU.Build.0 = Release|Any CPU
		{3180EF0C-01C0-4F8E-8AED-C605461CC393}.Debug|Any CPU.ActiveCfg = Debug|Any CPU
		{3180EF0C-01C0-4F8E-8AED-C605461CC393}.Debug|Any CPU.Build.0 = Debug|Any CPU
		{3180EF0C-01C0-4F8E-8AED-C605461CC393}.Release|Any CPU.ActiveCfg = Release|Any CPU
		{3180EF0C-01C0-4F8E-8AED-C605461CC393}.Release|Any CPU.Build.0 = Release|Any CPU
		{57BF6CD9-29F6-0A1A-56FA-C832000B45EF}.Debug|Any CPU.ActiveCfg = Debug|Any CPU
		{57BF6CD9-29F6-0A1A-56FA-C832000B45EF}.Debug|Any CPU.Build.0 = Debug|Any CPU
		{57BF6CD9-29F6-0A1A-56FA-C832000B45EF}.Release|Any CPU.ActiveCfg = Release|Any CPU
		{57BF6CD9-29F6-0A1A-56FA-C832000B45EF}.Release|Any CPU.Build.0 = Release|Any CPU
		{5817245D-929C-E5F3-1CAD-44730B7066FB}.Debug|Any CPU.ActiveCfg = Debug|Any CPU
		{5817245D-929C-E5F3-1CAD-44730B7066FB}.Debug|Any CPU.Build.0 = Debug|Any CPU
		{5817245D-929C-E5F3-1CAD-44730B7066FB}.Release|Any CPU.ActiveCfg = Release|Any CPU
		{5817245D-929C-E5F3-1CAD-44730B7066FB}.Release|Any CPU.Build.0 = Release|Any CPU
		{D9BC7ACA-33A7-9DF7-120C-ED8F3C5DDC41}.Debug|Any CPU.ActiveCfg = Debug|Any CPU
		{D9BC7ACA-33A7-9DF7-120C-ED8F3C5DDC41}.Debug|Any CPU.Build.0 = Debug|Any CPU
		{D9BC7ACA-33A7-9DF7-120C-ED8F3C5DDC41}.Release|Any CPU.ActiveCfg = Release|Any CPU
		{D9BC7ACA-33A7-9DF7-120C-ED8F3C5DDC41}.Release|Any CPU.Build.0 = Release|Any CPU
		{0BE98D4E-5715-7564-A3FB-0E351F6911E4}.Debug|Any CPU.ActiveCfg = Debug|Any CPU
		{0BE98D4E-5715-7564-A3FB-0E351F6911E4}.Debug|Any CPU.Build.0 = Debug|Any CPU
		{0BE98D4E-5715-7564-A3FB-0E351F6911E4}.Release|Any CPU.ActiveCfg = Release|Any CPU
		{0BE98D4E-5715-7564-A3FB-0E351F6911E4}.Release|Any CPU.Build.0 = Release|Any CPU
		{394AD70B-357F-4EEA-BC5B-D24CF6B407E0}.Debug|Any CPU.ActiveCfg = Debug|Any CPU
		{394AD70B-357F-4EEA-BC5B-D24CF6B407E0}.Debug|Any CPU.Build.0 = Debug|Any CPU
		{394AD70B-357F-4EEA-BC5B-D24CF6B407E0}.Release|Any CPU.ActiveCfg = Release|Any CPU
		{394AD70B-357F-4EEA-BC5B-D24CF6B407E0}.Release|Any CPU.Build.0 = Release|Any CPU
		{C94260C2-DA26-4C1B-A619-D9BAFB91F0D9}.Debug|Any CPU.ActiveCfg = Debug|Any CPU
		{C94260C2-DA26-4C1B-A619-D9BAFB91F0D9}.Debug|Any CPU.Build.0 = Debug|Any CPU
		{C94260C2-DA26-4C1B-A619-D9BAFB91F0D9}.Release|Any CPU.ActiveCfg = Release|Any CPU
		{C94260C2-DA26-4C1B-A619-D9BAFB91F0D9}.Release|Any CPU.Build.0 = Release|Any CPU
		{100102A1-4134-41FC-82A1-308E0A21769B}.Debug|Any CPU.ActiveCfg = Debug|Any CPU
		{100102A1-4134-41FC-82A1-308E0A21769B}.Debug|Any CPU.Build.0 = Debug|Any CPU
		{100102A1-4134-41FC-82A1-308E0A21769B}.Release|Any CPU.ActiveCfg = Release|Any CPU
		{100102A1-4134-41FC-82A1-308E0A21769B}.Release|Any CPU.Build.0 = Release|Any CPU
		{E6E7E09B-19B0-A434-6097-AC7943F8DAA2}.Debug|Any CPU.ActiveCfg = Debug|Any CPU
		{E6E7E09B-19B0-A434-6097-AC7943F8DAA2}.Debug|Any CPU.Build.0 = Debug|Any CPU
		{E6E7E09B-19B0-A434-6097-AC7943F8DAA2}.Release|Any CPU.ActiveCfg = Release|Any CPU
		{E6E7E09B-19B0-A434-6097-AC7943F8DAA2}.Release|Any CPU.Build.0 = Release|Any CPU
		{4755D6CC-D12A-49D3-8DDD-C3216978F21E}.Debug|Any CPU.ActiveCfg = Debug|Any CPU
		{4755D6CC-D12A-49D3-8DDD-C3216978F21E}.Debug|Any CPU.Build.0 = Debug|Any CPU
		{4755D6CC-D12A-49D3-8DDD-C3216978F21E}.Release|Any CPU.ActiveCfg = Release|Any CPU
		{4755D6CC-D12A-49D3-8DDD-C3216978F21E}.Release|Any CPU.Build.0 = Release|Any CPU
		{4E6D2570-DCC1-49A4-A5D4-3C1789B89D9F}.Debug|Any CPU.ActiveCfg = Debug|Any CPU
		{4E6D2570-DCC1-49A4-A5D4-3C1789B89D9F}.Debug|Any CPU.Build.0 = Debug|Any CPU
		{4E6D2570-DCC1-49A4-A5D4-3C1789B89D9F}.Release|Any CPU.ActiveCfg = Release|Any CPU
		{4E6D2570-DCC1-49A4-A5D4-3C1789B89D9F}.Release|Any CPU.Build.0 = Release|Any CPU
		{E6ED5B90-7332-41E2-BA5D-45906A3CBA00}.Debug|Any CPU.ActiveCfg = Debug|Any CPU
		{E6ED5B90-7332-41E2-BA5D-45906A3CBA00}.Debug|Any CPU.Build.0 = Debug|Any CPU
		{E6ED5B90-7332-41E2-BA5D-45906A3CBA00}.Release|Any CPU.ActiveCfg = Release|Any CPU
		{E6ED5B90-7332-41E2-BA5D-45906A3CBA00}.Release|Any CPU.Build.0 = Release|Any CPU
		{D6D9D6B7-4EEF-4558-BB1C-7D305F974F90}.Debug|Any CPU.ActiveCfg = Debug|Any CPU
		{D6D9D6B7-4EEF-4558-BB1C-7D305F974F90}.Debug|Any CPU.Build.0 = Debug|Any CPU
		{D6D9D6B7-4EEF-4558-BB1C-7D305F974F90}.Release|Any CPU.ActiveCfg = Release|Any CPU
		{D6D9D6B7-4EEF-4558-BB1C-7D305F974F90}.Release|Any CPU.Build.0 = Release|Any CPU
		{56636F57-3891-4745-9A35-A2CA80236663}.Debug|Any CPU.ActiveCfg = Debug|Any CPU
		{56636F57-3891-4745-9A35-A2CA80236663}.Debug|Any CPU.Build.0 = Debug|Any CPU
		{56636F57-3891-4745-9A35-A2CA80236663}.Release|Any CPU.ActiveCfg = Release|Any CPU
		{56636F57-3891-4745-9A35-A2CA80236663}.Release|Any CPU.Build.0 = Release|Any CPU
		{F952B62C-2D14-4A21-8270-BA79A20B823B}.Debug|Any CPU.ActiveCfg = Debug|Any CPU
		{F952B62C-2D14-4A21-8270-BA79A20B823B}.Debug|Any CPU.Build.0 = Debug|Any CPU
		{F952B62C-2D14-4A21-8270-BA79A20B823B}.Release|Any CPU.ActiveCfg = Release|Any CPU
		{F952B62C-2D14-4A21-8270-BA79A20B823B}.Release|Any CPU.Build.0 = Release|Any CPU
		{B2698931-77AF-4E32-B833-0754297F120E}.Debug|Any CPU.ActiveCfg = Debug|Any CPU
		{B2698931-77AF-4E32-B833-0754297F120E}.Debug|Any CPU.Build.0 = Debug|Any CPU
		{B2698931-77AF-4E32-B833-0754297F120E}.Release|Any CPU.ActiveCfg = Release|Any CPU
		{B2698931-77AF-4E32-B833-0754297F120E}.Release|Any CPU.Build.0 = Release|Any CPU
		{1BA5A02C-12ED-4689-940E-20A71818FC53}.Debug|Any CPU.ActiveCfg = Debug|Any CPU
		{1BA5A02C-12ED-4689-940E-20A71818FC53}.Debug|Any CPU.Build.0 = Debug|Any CPU
		{1BA5A02C-12ED-4689-940E-20A71818FC53}.Release|Any CPU.ActiveCfg = Release|Any CPU
		{1BA5A02C-12ED-4689-940E-20A71818FC53}.Release|Any CPU.Build.0 = Release|Any CPU
		{27206F43-DDD2-4348-9B56-6E5E3239958C}.Debug|Any CPU.ActiveCfg = Debug|Any CPU
		{27206F43-DDD2-4348-9B56-6E5E3239958C}.Debug|Any CPU.Build.0 = Debug|Any CPU
		{27206F43-DDD2-4348-9B56-6E5E3239958C}.Release|Any CPU.ActiveCfg = Release|Any CPU
		{27206F43-DDD2-4348-9B56-6E5E3239958C}.Release|Any CPU.Build.0 = Release|Any CPU
		{EDA34BF2-ACED-4690-8CC6-65BF2CC700F2}.Debug|Any CPU.ActiveCfg = Debug|Any CPU
		{EDA34BF2-ACED-4690-8CC6-65BF2CC700F2}.Debug|Any CPU.Build.0 = Debug|Any CPU
		{EDA34BF2-ACED-4690-8CC6-65BF2CC700F2}.Release|Any CPU.ActiveCfg = Release|Any CPU
		{EDA34BF2-ACED-4690-8CC6-65BF2CC700F2}.Release|Any CPU.Build.0 = Release|Any CPU
		{02ABC980-DC7B-4F95-B0A7-582716ABCAAE}.Debug|Any CPU.ActiveCfg = Debug|Any CPU
		{02ABC980-DC7B-4F95-B0A7-582716ABCAAE}.Debug|Any CPU.Build.0 = Debug|Any CPU
		{02ABC980-DC7B-4F95-B0A7-582716ABCAAE}.Release|Any CPU.ActiveCfg = Release|Any CPU
		{02ABC980-DC7B-4F95-B0A7-582716ABCAAE}.Release|Any CPU.Build.0 = Release|Any CPU
		{985EAA89-D057-47F8-B217-058C997A5C3C}.Debug|Any CPU.ActiveCfg = Debug|Any CPU
		{985EAA89-D057-47F8-B217-058C997A5C3C}.Debug|Any CPU.Build.0 = Debug|Any CPU
		{985EAA89-D057-47F8-B217-058C997A5C3C}.Release|Any CPU.ActiveCfg = Release|Any CPU
		{985EAA89-D057-47F8-B217-058C997A5C3C}.Release|Any CPU.Build.0 = Release|Any CPU
	EndGlobalSection
	GlobalSection(SolutionProperties) = preSolution
		HideSolutionNode = FALSE
	EndGlobalSection
	GlobalSection(NestedProjects) = preSolution
		{6D196ABF-4A38-43C1-8D31-2C5CECC0F2AF} = {DFC5265D-6BEC-4073-9302-4F9FF6319C02}
		{9313409F-467E-40D7-874E-9105BBDDFA53} = {170EB4D0-4042-4AAD-9511-2E2DBD1B2E65}
		{4B11CD99-AF04-415B-99FF-E52278CFA7FC} = {DFC5265D-6BEC-4073-9302-4F9FF6319C02}
		{6DC2760A-B41C-459A-8ABB-867F03B90AEC} = {DFC5265D-6BEC-4073-9302-4F9FF6319C02}
		{C387EF36-8ED2-4056-94A0-F3347D681F56} = {11557363-B92A-4C24-8D03-80FE7219704A}
		{3180EF0C-01C0-4F8E-8AED-C605461CC393} = {11557363-B92A-4C24-8D03-80FE7219704A}
		{57BF6CD9-29F6-0A1A-56FA-C832000B45EF} = {11557363-B92A-4C24-8D03-80FE7219704A}
		{5817245D-929C-E5F3-1CAD-44730B7066FB} = {11557363-B92A-4C24-8D03-80FE7219704A}
		{D9BC7ACA-33A7-9DF7-120C-ED8F3C5DDC41} = {DFC5265D-6BEC-4073-9302-4F9FF6319C02}
		{0BE98D4E-5715-7564-A3FB-0E351F6911E4} = {DFC5265D-6BEC-4073-9302-4F9FF6319C02}
		{394AD70B-357F-4EEA-BC5B-D24CF6B407E0} = {11557363-B92A-4C24-8D03-80FE7219704A}
		{C94260C2-DA26-4C1B-A619-D9BAFB91F0D9} = {DFC5265D-6BEC-4073-9302-4F9FF6319C02}
		{100102A1-4134-41FC-82A1-308E0A21769B} = {DFC5265D-6BEC-4073-9302-4F9FF6319C02}
		{E6E7E09B-19B0-A434-6097-AC7943F8DAA2} = {DFC5265D-6BEC-4073-9302-4F9FF6319C02}
		{4755D6CC-D12A-49D3-8DDD-C3216978F21E} = {11557363-B92A-4C24-8D03-80FE7219704A}
		{4E6D2570-DCC1-49A4-A5D4-3C1789B89D9F} = {DFC5265D-6BEC-4073-9302-4F9FF6319C02}
		{E6ED5B90-7332-41E2-BA5D-45906A3CBA00} = {DFC5265D-6BEC-4073-9302-4F9FF6319C02}
		{D6D9D6B7-4EEF-4558-BB1C-7D305F974F90} = {11557363-B92A-4C24-8D03-80FE7219704A}
		{56636F57-3891-4745-9A35-A2CA80236663} = {DFC5265D-6BEC-4073-9302-4F9FF6319C02}
		{F952B62C-2D14-4A21-8270-BA79A20B823B} = {DFC5265D-6BEC-4073-9302-4F9FF6319C02}
		{B2698931-77AF-4E32-B833-0754297F120E} = {11557363-B92A-4C24-8D03-80FE7219704A}
		{1BA5A02C-12ED-4689-940E-20A71818FC53} = {DFC5265D-6BEC-4073-9302-4F9FF6319C02}
		{27206F43-DDD2-4348-9B56-6E5E3239958C} = {DFC5265D-6BEC-4073-9302-4F9FF6319C02}
		{EDA34BF2-ACED-4690-8CC6-65BF2CC700F2} = {11557363-B92A-4C24-8D03-80FE7219704A}
		{02ABC980-DC7B-4F95-B0A7-582716ABCAAE} = {DFC5265D-6BEC-4073-9302-4F9FF6319C02}
		{985EAA89-D057-47F8-B217-058C997A5C3C} = {DFC5265D-6BEC-4073-9302-4F9FF6319C02}
	EndGlobalSection
	GlobalSection(ExtensibilityGlobals) = postSolution
		SolutionGuid = {5229CEA0-E4C0-482B-8BC3-FD9C540F583C}
	EndGlobalSection
EndGlobal
